{
  "version": 4,
  "terraform_version": "1.4.6",
  "serial": 420,
  "lineage": "69c06906-3045-52d1-2a77-fd39eee61162",
  "outputs": {
    "current_subscription_display_name": {
      "value": "DHL Parcel Sandbox",
      "type": "string"
    },
    "current_subscription_id": {
      "value": "d5409f5d-f4fe-4cf4-aca2-81cb34d37733",
      "type": "string"
    },
    "current_subscription_spending_limit": {
      "value": "Off",
      "type": "string"
    },
    "log_analytics_workspace_id": {
      "value": "/subscriptions/d5409f5d-f4fe-4cf4-aca2-81cb34d37733/resourceGroups/rg-sandbox-jorrit/providers/Microsoft.OperationalInsights/workspaces/poc-dadp-log",
      "type": "string"
    },
    "root_storage_account_id": {
      "value": "/subscriptions/d5409f5d-f4fe-4cf4-aca2-81cb34d37733/resourceGroups/rg-sandbox-jorrit/providers/Microsoft.Storage/storageAccounts/strgdadp3ke3wbstrg",
      "type": "string"
    },
    "root_storage_account_name": {
      "value": "strgdadp3ke3wbstrg",
      "type": "string"
    },
    "storag_account_terraform_statefile": {
      "value": {
        "id": "resource-35e06f8e-cfe1-4486-92b8-4b96771c19df",
        "name": null,
        "required_tags": {
          "role": "state_storage"
        },
        "resource_group_name": null,
        "resources": [],
        "timeouts": null,
        "type": "Microsoft.Storage/storageAccounts"
      },
      "type": [
        "object",
        {
          "id": "string",
          "name": "string",
          "required_tags": [
            "map",
            "string"
          ],
          "resource_group_name": "string",
          "resources": [
            "list",
            [
              "object",
              {
                "id": "string",
                "location": "string",
                "name": "string",
                "tags": [
                  "map",
                  "string"
                ],
                "type": "string"
              }
            ]
          ],
          "timeouts": [
            "object",
            {
              "read": "string"
            }
          ],
          "type": "string"
        }
      ]
    }
  },
  "resources": [
    {
      "mode": "data",
      "type": "azurerm_client_config",
      "name": "current",
      "provider": "provider[\"registry.terraform.io/hashicorp/azurerm\"]",
      "instances": [
        {
          "schema_version": 0,
          "attributes": {
            "client_id": "04b07795-8ddb-461a-bbee-02f9e1bf7b46",
            "id": "Y2xpZW50Q29uZmlncy9jbGllbnRJZD0wNGIwNzc5NS04ZGRiLTQ2MWEtYmJlZS0wMmY5ZTFiZjdiNDY7b2JqZWN0SWQ9NjVmZDUxYzYtY2Q5YS00OTAwLTkyMDAtNDc5N2QzNGYzMDg0O3N1YnNjcmlwdGlvbklkPWQ1NDA5ZjVkLWY0ZmUtNGNmNC1hY2EyLTgxY2IzNGQzNzczMzt0ZW5hbnRJZD1hYWE4YzUxOS1kYjcyLTQ1OWQtODRmMC0zMmVkYzJlYzIzZmI=",
            "object_id": "65fd51c6-cd9a-4900-9200-4797d34f3084",
            "subscription_id": "d5409f5d-f4fe-4cf4-aca2-81cb34d37733",
            "tenant_id": "aaa8c519-db72-459d-84f0-32edc2ec23fb",
            "timeouts": null
          },
          "sensitive_attributes": []
        }
      ]
    },
    {
      "mode": "data",
      "type": "azurerm_resources",
      "name": "terraform-state-storage",
      "provider": "provider[\"registry.terraform.io/hashicorp/azurerm\"]",
      "instances": [
        {
          "schema_version": 0,
          "attributes": {
            "id": "resource-35e06f8e-cfe1-4486-92b8-4b96771c19df",
            "name": null,
            "required_tags": {
              "role": "state_storage"
            },
            "resource_group_name": null,
            "resources": [],
            "timeouts": null,
            "type": "Microsoft.Storage/storageAccounts"
          },
          "sensitive_attributes": []
        }
      ]
    },
    {
      "mode": "data",
      "type": "azurerm_subscription",
      "name": "current",
      "provider": "provider[\"registry.terraform.io/hashicorp/azurerm\"]",
      "instances": [
        {
          "schema_version": 0,
          "attributes": {
            "display_name": "DHL Parcel Sandbox",
            "id": "/subscriptions/d5409f5d-f4fe-4cf4-aca2-81cb34d37733",
            "location_placement_id": "Public_2014-09-01",
            "quota_id": "CSP_2015-05-01",
            "spending_limit": "Off",
            "state": "Enabled",
            "subscription_id": "d5409f5d-f4fe-4cf4-aca2-81cb34d37733",
            "tags": {},
            "tenant_id": "aaa8c519-db72-459d-84f0-32edc2ec23fb",
            "timeouts": null
          },
          "sensitive_attributes": []
        }
      ]
    },
    {
      "mode": "data",
      "type": "azurerm_subscription",
      "name": "primary",
      "provider": "provider[\"registry.terraform.io/hashicorp/azurerm\"]",
      "instances": [
        {
          "schema_version": 0,
          "attributes": {
            "display_name": "DHL Parcel Sandbox",
            "id": "/subscriptions/d5409f5d-f4fe-4cf4-aca2-81cb34d37733",
            "location_placement_id": "Public_2014-09-01",
            "quota_id": "CSP_2015-05-01",
            "spending_limit": "Off",
            "state": "Enabled",
            "subscription_id": "d5409f5d-f4fe-4cf4-aca2-81cb34d37733",
            "tags": {},
            "tenant_id": "aaa8c519-db72-459d-84f0-32edc2ec23fb",
            "timeouts": null
          },
          "sensitive_attributes": []
        }
      ]
    },
    {
      "module": "module.data-factory",
      "mode": "managed",
      "type": "azurerm_data_factory",
      "name": "df",
      "provider": "provider[\"registry.terraform.io/hashicorp/azurerm\"]",
      "instances": [
        {
          "schema_version": 2,
          "attributes": {
            "customer_managed_key_id": "",
            "customer_managed_key_identity_id": "",
            "github_configuration": [],
            "global_parameter": [],
            "id": "/subscriptions/d5409f5d-f4fe-4cf4-aca2-81cb34d37733/resourceGroups/rg-sandbox-jorrit/providers/Microsoft.DataFactory/factories/poc-dadp-df",
            "identity": [],
            "location": "westeurope",
            "managed_virtual_network_enabled": false,
            "name": "poc-dadp-df",
            "public_network_enabled": true,
            "purview_id": null,
            "resource_group_name": "rg-sandbox-jorrit",
            "tags": {},
            "timeouts": null,
            "vsts_configuration": []
          },
          "sensitive_attributes": [],
          "private": "eyJlMmJmYjczMC1lY2FhLTExZTYtOGY4OC0zNDM2M2JjN2M0YzAiOnsiY3JlYXRlIjoxODAwMDAwMDAwMDAwLCJkZWxldGUiOjE4MDAwMDAwMDAwMDAsInJlYWQiOjMwMDAwMDAwMDAwMCwidXBkYXRlIjoxODAwMDAwMDAwMDAwfSwic2NoZW1hX3ZlcnNpb24iOiIyIn0="
        }
      ]
    },
    {
      "module": "module.data-factory",
      "mode": "managed",
      "type": "azurerm_data_factory_integration_runtime_azure_ssis",
      "name": "ir",
      "provider": "provider[\"registry.terraform.io/hashicorp/azurerm\"]",
      "instances": [
        {
          "schema_version": 0,
          "attributes": {
            "catalog_info": [],
            "custom_setup_script": [],
            "data_factory_id": "/subscriptions/d5409f5d-f4fe-4cf4-aca2-81cb34d37733/resourceGroups/rg-sandbox-jorrit/providers/Microsoft.DataFactory/factories/poc-dadp-df",
            "description": "",
            "edition": "Standard",
            "express_custom_setup": [],
            "express_vnet_integration": [],
            "id": "/subscriptions/d5409f5d-f4fe-4cf4-aca2-81cb34d37733/resourceGroups/rg-sandbox-jorrit/providers/Microsoft.DataFactory/factories/poc-dadp-df/integrationruntimes/poc-dadp-ir",
            "license_type": "LicenseIncluded",
            "location": "westeurope",
            "max_parallel_executions_per_node": 1,
            "name": "poc-dadp-ir",
            "node_size": "Standard_D8_v3",
            "number_of_nodes": 1,
            "package_store": [],
            "proxy": [],
            "timeouts": null,
            "vnet_integration": []
          },
          "sensitive_attributes": [],
          "private": "eyJlMmJmYjczMC1lY2FhLTExZTYtOGY4OC0zNDM2M2JjN2M0YzAiOnsiY3JlYXRlIjoxODAwMDAwMDAwMDAwLCJkZWxldGUiOjE4MDAwMDAwMDAwMDAsInJlYWQiOjMwMDAwMDAwMDAwMCwidXBkYXRlIjoxODAwMDAwMDAwMDAwfX0=",
          "dependencies": [
            "module.data-factory.azurerm_data_factory.df"
          ]
        }
      ]
    },
    {
      "module": "module.data-factory",
      "mode": "managed",
      "type": "azurerm_monitor_diagnostic_setting",
      "name": "adf_diagnostics",
      "provider": "provider[\"registry.terraform.io/hashicorp/azurerm\"]",
      "instances": [
        {
          "schema_version": 0,
          "attributes": {
            "enabled_log": [
              {
                "category": "ActivityRuns",
                "category_group": "",
                "retention_policy": [
                  {
                    "days": 7,
                    "enabled": true
                  }
                ]
              },
              {
                "category": "PipelineRuns",
                "category_group": "",
                "retention_policy": [
                  {
                    "days": 7,
                    "enabled": true
                  }
                ]
              },
              {
                "category": "TriggerRuns",
                "category_group": "",
                "retention_policy": [
                  {
                    "days": 7,
                    "enabled": true
                  }
                ]
              }
            ],
            "eventhub_authorization_rule_id": "",
            "eventhub_name": "",
            "id": "/subscriptions/d5409f5d-f4fe-4cf4-aca2-81cb34d37733/resourceGroups/rg-sandbox-jorrit/providers/Microsoft.DataFactory/factories/poc-dadp-df|ala_df",
            "log": [
              {
                "category": "ActivityRuns",
                "category_group": "",
                "enabled": true,
                "retention_policy": [
                  {
                    "days": 7,
                    "enabled": true
                  }
                ]
              },
              {
                "category": "AirflowDagProcessingLogs",
                "category_group": "",
                "enabled": false,
                "retention_policy": [
                  {
                    "days": 0,
                    "enabled": false
                  }
                ]
              },
              {
                "category": "AirflowSchedulerLogs",
                "category_group": "",
                "enabled": false,
                "retention_policy": [
                  {
                    "days": 0,
                    "enabled": false
                  }
                ]
              },
              {
                "category": "AirflowTaskLogs",
                "category_group": "",
                "enabled": false,
                "retention_policy": [
                  {
                    "days": 0,
                    "enabled": false
                  }
                ]
              },
              {
                "category": "AirflowWebLogs",
                "category_group": "",
                "enabled": false,
                "retention_policy": [
                  {
                    "days": 0,
                    "enabled": false
                  }
                ]
              },
              {
                "category": "AirflowWorkerLogs",
                "category_group": "",
                "enabled": false,
                "retention_policy": [
                  {
                    "days": 0,
                    "enabled": false
                  }
                ]
              },
              {
                "category": "PipelineRuns",
                "category_group": "",
                "enabled": true,
                "retention_policy": [
                  {
                    "days": 7,
                    "enabled": true
                  }
                ]
              },
              {
                "category": "SSISIntegrationRuntimeLogs",
                "category_group": "",
                "enabled": false,
                "retention_policy": [
                  {
                    "days": 0,
                    "enabled": false
                  }
                ]
              },
              {
                "category": "SSISPackageEventMessageContext",
                "category_group": "",
                "enabled": false,
                "retention_policy": [
                  {
                    "days": 0,
                    "enabled": false
                  }
                ]
              },
              {
                "category": "SSISPackageEventMessages",
                "category_group": "",
                "enabled": false,
                "retention_policy": [
                  {
                    "days": 0,
                    "enabled": false
                  }
                ]
              },
              {
                "category": "SSISPackageExecutableStatistics",
                "category_group": "",
                "enabled": false,
                "retention_policy": [
                  {
                    "days": 0,
                    "enabled": false
                  }
                ]
              },
              {
                "category": "SSISPackageExecutionComponentPhases",
                "category_group": "",
                "enabled": false,
                "retention_policy": [
                  {
                    "days": 0,
                    "enabled": false
                  }
                ]
              },
              {
                "category": "SSISPackageExecutionDataStatistics",
                "category_group": "",
                "enabled": false,
                "retention_policy": [
                  {
                    "days": 0,
                    "enabled": false
                  }
                ]
              },
              {
                "category": "SandboxActivityRuns",
                "category_group": "",
                "enabled": false,
                "retention_policy": [
                  {
                    "days": 0,
                    "enabled": false
                  }
                ]
              },
              {
                "category": "SandboxPipelineRuns",
                "category_group": "",
                "enabled": false,
                "retention_policy": [
                  {
                    "days": 0,
                    "enabled": false
                  }
                ]
              },
              {
                "category": "TriggerRuns",
                "category_group": "",
                "enabled": true,
                "retention_policy": [
                  {
                    "days": 7,
                    "enabled": true
                  }
                ]
              }
            ],
            "log_analytics_destination_type": "AzureDiagnostics",
            "log_analytics_workspace_id": "/subscriptions/d5409f5d-f4fe-4cf4-aca2-81cb34d37733/resourceGroups/rg-sandbox-jorrit/providers/Microsoft.OperationalInsights/workspaces/poc-dadp-log",
            "metric": [
              {
                "category": "AllMetrics",
                "enabled": true,
                "retention_policy": [
                  {
                    "days": 7,
                    "enabled": true
                  }
                ]
              }
            ],
            "name": "ala_df",
            "partner_solution_id": null,
            "storage_account_id": null,
            "target_resource_id": "/subscriptions/d5409f5d-f4fe-4cf4-aca2-81cb34d37733/resourceGroups/rg-sandbox-jorrit/providers/Microsoft.DataFactory/factories/poc-dadp-df",
            "timeouts": null
          },
          "sensitive_attributes": [],
          "private": "eyJlMmJmYjczMC1lY2FhLTExZTYtOGY4OC0zNDM2M2JjN2M0YzAiOnsiY3JlYXRlIjoxODAwMDAwMDAwMDAwLCJkZWxldGUiOjM2MDAwMDAwMDAwMDAsInJlYWQiOjMwMDAwMDAwMDAwMCwidXBkYXRlIjoxODAwMDAwMDAwMDAwfX0=",
          "dependencies": [
            "module.data-factory.azurerm_data_factory.df",
            "module.log-analytics.azurerm_log_analytics_workspace.log"
          ]
        }
      ]
    },
    {
      "module": "module.databricks",
      "mode": "managed",
      "type": "azurerm_databricks_workspace",
      "name": "example",
      "provider": "provider[\"registry.terraform.io/hashicorp/azurerm\"]",
      "instances": [
        {
          "schema_version": 0,
          "attributes": {
            "custom_parameters": [
              {
                "machine_learning_workspace_id": "",
                "nat_gateway_name": "nat-gateway",
                "no_public_ip": false,
                "private_subnet_name": "",
                "private_subnet_network_security_group_association_id": "",
                "public_ip_name": "nat-gw-public-ip",
                "public_subnet_name": "",
                "public_subnet_network_security_group_association_id": "",
                "storage_account_name": "dbstorage6dhqwyzfel46m",
                "storage_account_sku_name": "Standard_GRS",
                "virtual_network_id": "",
                "vnet_address_prefix": "10.139"
              }
            ],
            "customer_managed_key_enabled": false,
            "disk_encryption_set_id": null,
            "id": "/subscriptions/d5409f5d-f4fe-4cf4-aca2-81cb34d37733/resourceGroups/rg-sandbox-jorrit/providers/Microsoft.Databricks/workspaces/poc-dadp-dbr",
            "infrastructure_encryption_enabled": false,
            "load_balancer_backend_address_pool_id": "",
            "location": "westeurope",
            "managed_disk_cmk_key_vault_key_id": null,
            "managed_disk_cmk_rotation_to_latest_version_enabled": null,
            "managed_disk_identity": [],
            "managed_resource_group_id": "/subscriptions/d5409f5d-f4fe-4cf4-aca2-81cb34d37733/resourceGroups/databricks-rg-rg-sandbox-jorrit",
            "managed_resource_group_name": "databricks-rg-rg-sandbox-jorrit",
            "managed_services_cmk_key_vault_key_id": null,
            "name": "poc-dadp-dbr",
            "network_security_group_rules_required": null,
            "public_network_access_enabled": true,
            "resource_group_name": "rg-sandbox-jorrit",
            "sku": "standard",
            "storage_account_identity": [],
            "tags": {},
            "timeouts": null,
            "workspace_id": "637721042619573",
            "workspace_url": "adb-637721042619573.13.azuredatabricks.net"
          },
          "sensitive_attributes": [],
          "private": "eyJlMmJmYjczMC1lY2FhLTExZTYtOGY4OC0zNDM2M2JjN2M0YzAiOnsiY3JlYXRlIjoxODAwMDAwMDAwMDAwLCJkZWxldGUiOjE4MDAwMDAwMDAwMDAsInJlYWQiOjMwMDAwMDAwMDAwMCwidXBkYXRlIjoxODAwMDAwMDAwMDAwfX0="
        }
      ]
    },
    {
      "module": "module.keyvault",
      "mode": "data",
      "type": "azurerm_client_config",
      "name": "current",
      "provider": "provider[\"registry.terraform.io/hashicorp/azurerm\"]",
      "instances": [
        {
          "schema_version": 0,
          "attributes": {
            "client_id": "04b07795-8ddb-461a-bbee-02f9e1bf7b46",
            "id": "Y2xpZW50Q29uZmlncy9jbGllbnRJZD0wNGIwNzc5NS04ZGRiLTQ2MWEtYmJlZS0wMmY5ZTFiZjdiNDY7b2JqZWN0SWQ9NjVmZDUxYzYtY2Q5YS00OTAwLTkyMDAtNDc5N2QzNGYzMDg0O3N1YnNjcmlwdGlvbklkPWQ1NDA5ZjVkLWY0ZmUtNGNmNC1hY2EyLTgxY2IzNGQzNzczMzt0ZW5hbnRJZD1hYWE4YzUxOS1kYjcyLTQ1OWQtODRmMC0zMmVkYzJlYzIzZmI=",
            "object_id": "65fd51c6-cd9a-4900-9200-4797d34f3084",
            "subscription_id": "d5409f5d-f4fe-4cf4-aca2-81cb34d37733",
            "tenant_id": "aaa8c519-db72-459d-84f0-32edc2ec23fb",
            "timeouts": null
          },
          "sensitive_attributes": []
        }
      ]
    },
    {
      "module": "module.keyvault",
      "mode": "data",
      "type": "azurerm_subscription",
      "name": "current",
      "provider": "provider[\"registry.terraform.io/hashicorp/azurerm\"]",
      "instances": [
        {
          "schema_version": 0,
          "attributes": {
            "display_name": "DHL Parcel Sandbox",
            "id": "/subscriptions/d5409f5d-f4fe-4cf4-aca2-81cb34d37733",
            "location_placement_id": "Public_2014-09-01",
            "quota_id": "CSP_2015-05-01",
            "spending_limit": "Off",
            "state": "Enabled",
            "subscription_id": "d5409f5d-f4fe-4cf4-aca2-81cb34d37733",
            "tags": {},
            "tenant_id": "aaa8c519-db72-459d-84f0-32edc2ec23fb",
            "timeouts": null
          },
          "sensitive_attributes": []
        }
      ]
    },
    {
      "module": "module.keyvault",
      "mode": "data",
      "type": "azurerm_subscription",
      "name": "primary",
      "provider": "provider[\"registry.terraform.io/hashicorp/azurerm\"]",
      "instances": [
        {
          "schema_version": 0,
          "attributes": {
            "display_name": "DHL Parcel Sandbox",
            "id": "/subscriptions/d5409f5d-f4fe-4cf4-aca2-81cb34d37733",
            "location_placement_id": "Public_2014-09-01",
            "quota_id": "CSP_2015-05-01",
            "spending_limit": "Off",
            "state": "Enabled",
            "subscription_id": "d5409f5d-f4fe-4cf4-aca2-81cb34d37733",
            "tags": {},
            "tenant_id": "aaa8c519-db72-459d-84f0-32edc2ec23fb",
            "timeouts": null
          },
          "sensitive_attributes": []
        }
      ]
    },
    {
      "module": "module.keyvault",
      "mode": "managed",
      "type": "azurerm_key_vault",
      "name": "kv",
      "provider": "provider[\"registry.terraform.io/hashicorp/azurerm\"]",
      "instances": [
        {
          "schema_version": 2,
          "attributes": {
            "access_policy": [
              {
                "application_id": "",
                "certificate_permissions": [
                  "Create",
                  "Delete",
                  "DeleteIssuers",
                  "Get",
                  "GetIssuers",
                  "Import",
                  "List",
                  "ListIssuers",
                  "ManageContacts",
                  "ManageIssuers",
                  "Purge",
                  "SetIssuers",
                  "Update"
                ],
                "key_permissions": [
                  "Backup",
                  "Create",
                  "Decrypt",
                  "Delete",
                  "Encrypt",
                  "Get",
                  "Import",
                  "List",
                  "Purge",
                  "Recover",
                  "Restore",
                  "Sign",
                  "UnwrapKey",
                  "Update",
                  "Verify",
                  "WrapKey"
                ],
                "object_id": "65fd51c6-cd9a-4900-9200-4797d34f3084",
                "secret_permissions": [
                  "Backup",
                  "Delete",
                  "Get",
                  "List",
                  "Purge",
                  "Recover",
                  "Restore",
                  "Set"
                ],
                "storage_permissions": [],
                "tenant_id": "aaa8c519-db72-459d-84f0-32edc2ec23fb"
              }
            ],
            "contact": [],
            "enable_rbac_authorization": false,
            "enabled_for_deployment": false,
            "enabled_for_disk_encryption": false,
            "enabled_for_template_deployment": false,
            "id": "/subscriptions/d5409f5d-f4fe-4cf4-aca2-81cb34d37733/resourceGroups/rg-sandbox-jorrit/providers/Microsoft.KeyVault/vaults/poc-dadp-kv",
            "location": "westeurope",
            "name": "poc-dadp-kv",
            "network_acls": [
              {
                "bypass": "AzureServices",
                "default_action": "Allow",
                "ip_rules": [],
                "virtual_network_subnet_ids": []
              }
            ],
            "public_network_access_enabled": true,
            "purge_protection_enabled": false,
            "resource_group_name": "rg-sandbox-jorrit",
            "sku_name": "standard",
            "soft_delete_retention_days": 7,
            "tags": {},
            "tenant_id": "aaa8c519-db72-459d-84f0-32edc2ec23fb",
            "timeouts": null,
            "vault_uri": "https://poc-dadp-kv.vault.azure.net/"
          },
          "sensitive_attributes": [],
          "private": "eyJlMmJmYjczMC1lY2FhLTExZTYtOGY4OC0zNDM2M2JjN2M0YzAiOnsiY3JlYXRlIjoxODAwMDAwMDAwMDAwLCJkZWxldGUiOjE4MDAwMDAwMDAwMDAsInJlYWQiOjMwMDAwMDAwMDAwMCwidXBkYXRlIjoxODAwMDAwMDAwMDAwfSwic2NoZW1hX3ZlcnNpb24iOiIyIn0=",
          "dependencies": [
            "module.keyvault.data.azurerm_client_config.current"
          ]
        }
      ]
    },
    {
      "module": "module.keyvault",
      "mode": "managed",
      "type": "azurerm_monitor_diagnostic_setting",
      "name": "example",
      "provider": "provider[\"registry.terraform.io/hashicorp/azurerm\"]",
      "instances": [
        {
          "schema_version": 0,
          "attributes": {
            "enabled_log": [
              {
                "category": "AuditEvent",
                "category_group": "",
                "retention_policy": [
                  {
                    "days": 0,
                    "enabled": false
                  }
                ]
              }
            ],
            "eventhub_authorization_rule_id": "",
            "eventhub_name": "",
            "id": "/subscriptions/d5409f5d-f4fe-4cf4-aca2-81cb34d37733/resourceGroups/rg-sandbox-jorrit/providers/Microsoft.KeyVault/vaults/poc-dadp-kv|poc-dadp-mkva",
            "log": [
              {
                "category": "AuditEvent",
                "category_group": "",
                "enabled": true,
                "retention_policy": [
                  {
                    "days": 0,
                    "enabled": false
                  }
                ]
              },
              {
                "category": "AzurePolicyEvaluationDetails",
                "category_group": "",
                "enabled": false,
                "retention_policy": [
                  {
                    "days": 0,
                    "enabled": false
                  }
                ]
              }
            ],
            "log_analytics_destination_type": "",
            "log_analytics_workspace_id": "/subscriptions/d5409f5d-f4fe-4cf4-aca2-81cb34d37733/resourceGroups/rg-sandbox-jorrit/providers/Microsoft.OperationalInsights/workspaces/poc-dadp-log",
            "metric": [
              {
                "category": "AllMetrics",
                "enabled": true,
                "retention_policy": [
                  {
                    "days": 0,
                    "enabled": false
                  }
                ]
              }
            ],
            "name": "poc-dadp-mkva",
            "partner_solution_id": null,
            "storage_account_id": null,
            "target_resource_id": "/subscriptions/d5409f5d-f4fe-4cf4-aca2-81cb34d37733/resourceGroups/rg-sandbox-jorrit/providers/Microsoft.KeyVault/vaults/poc-dadp-kv",
            "timeouts": null
          },
          "sensitive_attributes": [],
          "private": "eyJlMmJmYjczMC1lY2FhLTExZTYtOGY4OC0zNDM2M2JjN2M0YzAiOnsiY3JlYXRlIjoxODAwMDAwMDAwMDAwLCJkZWxldGUiOjM2MDAwMDAwMDAwMDAsInJlYWQiOjMwMDAwMDAwMDAwMCwidXBkYXRlIjoxODAwMDAwMDAwMDAwfX0=",
          "dependencies": [
            "module.keyvault.azurerm_key_vault.kv",
            "module.keyvault.data.azurerm_client_config.current",
            "module.log-analytics.azurerm_log_analytics_workspace.log"
          ]
        }
      ]
    },
    {
      "module": "module.log-analytics",
      "mode": "managed",
      "type": "azurerm_log_analytics_workspace",
      "name": "log",
      "provider": "provider[\"registry.terraform.io/hashicorp/azurerm\"]",
      "instances": [
        {
          "schema_version": 3,
          "attributes": {
            "allow_resource_only_permissions": true,
            "cmk_for_query_forced": false,
            "daily_quota_gb": -1,
            "id": "/subscriptions/d5409f5d-f4fe-4cf4-aca2-81cb34d37733/resourceGroups/rg-sandbox-jorrit/providers/Microsoft.OperationalInsights/workspaces/poc-dadp-log",
            "internet_ingestion_enabled": true,
            "internet_query_enabled": true,
            "local_authentication_disabled": false,
            "location": "westeurope",
            "name": "poc-dadp-log",
            "primary_shared_key": "SyKhca+12rYLRec9BsxFFwHfYVsDooejhUj1tb92PAIbiMjWeT6Xd/1Qbk0A3yDYHQgmE2iPIrQ/WqNUKMsl3Q==",
            "reservation_capacity_in_gb_per_day": null,
            "resource_group_name": "rg-sandbox-jorrit",
            "retention_in_days": 30,
            "secondary_shared_key": "LGjyzbgoPVZgr7yVkRHSE37Fj5iE9WQd794FS6V6WYOwJzZtvtZxexAQ6lX97aLy9707R8rvSPhruN4eCv2xTA==",
            "sku": "PerGB2018",
            "tags": {},
            "timeouts": null,
            "workspace_id": "5ff319dc-53dd-4ddb-852d-da2319d6e42f"
          },
          "sensitive_attributes": [],
          "private": "eyJlMmJmYjczMC1lY2FhLTExZTYtOGY4OC0zNDM2M2JjN2M0YzAiOnsiY3JlYXRlIjoxODAwMDAwMDAwMDAwLCJkZWxldGUiOjE4MDAwMDAwMDAwMDAsInJlYWQiOjMwMDAwMDAwMDAwMCwidXBkYXRlIjoxODAwMDAwMDAwMDAwfSwic2NoZW1hX3ZlcnNpb24iOiIzIn0="
        }
      ]
    },
    {
      "module": "module.sql",
      "mode": "managed",
      "type": "azurerm_monitor_diagnostic_setting",
      "name": "sqldb_diagnostics",
      "provider": "provider[\"registry.terraform.io/hashicorp/azurerm\"]",
      "instances": [
        {
          "schema_version": 0,
          "attributes": {
            "enabled_log": [
              {
                "category": "Errors",
                "category_group": "",
                "retention_policy": [
                  {
                    "days": 0,
                    "enabled": false
                  }
                ]
              }
            ],
            "eventhub_authorization_rule_id": "",
            "eventhub_name": "",
            "id": "/subscriptions/d5409f5d-f4fe-4cf4-aca2-81cb34d37733/resourceGroups/rg-sandbox-jorrit/providers/Microsoft.Sql/servers/poc-dadp-dbsrv/databases/poc-dadp-dba|poc-dadp-dbalog",
            "log": [
              {
                "category": "AutomaticTuning",
                "category_group": "",
                "enabled": false,
                "retention_policy": [
                  {
                    "days": 0,
                    "enabled": false
                  }
                ]
              },
              {
                "category": "Blocks",
                "category_group": "",
                "enabled": false,
                "retention_policy": [
                  {
                    "days": 0,
                    "enabled": false
                  }
                ]
              },
              {
                "category": "DatabaseWaitStatistics",
                "category_group": "",
                "enabled": false,
                "retention_policy": [
                  {
                    "days": 0,
                    "enabled": false
                  }
                ]
              },
              {
                "category": "Deadlocks",
                "category_group": "",
                "enabled": false,
                "retention_policy": [
                  {
                    "days": 0,
                    "enabled": false
                  }
                ]
              },
              {
                "category": "DevOpsOperationsAudit",
                "category_group": "",
                "enabled": false,
                "retention_policy": [
                  {
                    "days": 0,
                    "enabled": false
                  }
                ]
              },
              {
                "category": "Errors",
                "category_group": "",
                "enabled": true,
                "retention_policy": [
                  {
                    "days": 0,
                    "enabled": false
                  }
                ]
              },
              {
                "category": "QueryStoreRuntimeStatistics",
                "category_group": "",
                "enabled": false,
                "retention_policy": [
                  {
                    "days": 0,
                    "enabled": false
                  }
                ]
              },
              {
                "category": "QueryStoreWaitStatistics",
                "category_group": "",
                "enabled": false,
                "retention_policy": [
                  {
                    "days": 0,
                    "enabled": false
                  }
                ]
              },
              {
                "category": "SQLInsights",
                "category_group": "",
                "enabled": false,
                "retention_policy": [
                  {
                    "days": 0,
                    "enabled": false
                  }
                ]
              },
              {
                "category": "SQLSecurityAuditEvents",
                "category_group": "",
                "enabled": false,
                "retention_policy": [
                  {
                    "days": 0,
                    "enabled": false
                  }
                ]
              },
              {
                "category": "Timeouts",
                "category_group": "",
                "enabled": false,
                "retention_policy": [
                  {
                    "days": 0,
                    "enabled": false
                  }
                ]
              }
            ],
            "log_analytics_destination_type": "",
            "log_analytics_workspace_id": "/subscriptions/d5409f5d-f4fe-4cf4-aca2-81cb34d37733/resourceGroups/rg-sandbox-jorrit/providers/Microsoft.OperationalInsights/workspaces/poc-dadp-log",
            "metric": [
              {
                "category": "AllMetrics",
                "enabled": true,
                "retention_policy": [
                  {
                    "days": null,
                    "enabled": false
                  }
                ]
              }
            ],
            "name": "poc-dadp-dbalog",
            "partner_solution_id": null,
            "storage_account_id": null,
            "target_resource_id": "/subscriptions/d5409f5d-f4fe-4cf4-aca2-81cb34d37733/resourceGroups/rg-sandbox-jorrit/providers/Microsoft.Sql/servers/poc-dadp-dbsrv/databases/poc-dadp-dba",
            "timeouts": null
          },
          "sensitive_attributes": [],
          "private": "eyJlMmJmYjczMC1lY2FhLTExZTYtOGY4OC0zNDM2M2JjN2M0YzAiOnsiY3JlYXRlIjoxODAwMDAwMDAwMDAwLCJkZWxldGUiOjM2MDAwMDAwMDAwMDAsInJlYWQiOjMwMDAwMDAwMDAwMCwidXBkYXRlIjoxODAwMDAwMDAwMDAwfX0=",
          "dependencies": [
            "module.log-analytics.azurerm_log_analytics_workspace.log",
            "module.sql.azurerm_mssql_database.dba"
          ]
        }
      ]
    },
    {
      "module": "module.sql",
      "mode": "managed",
      "type": "azurerm_mssql_database",
      "name": "dba",
      "provider": "provider[\"registry.terraform.io/hashicorp/azurerm\"]",
      "instances": [
        {
          "schema_version": 1,
          "attributes": {
            "auto_pause_delay_in_minutes": 0,
            "collation": "SQL_Latin1_General_CP1_CI_AS",
            "create_mode": "Default",
            "creation_source_database_id": null,
            "elastic_pool_id": "",
            "geo_backup_enabled": true,
            "id": "/subscriptions/d5409f5d-f4fe-4cf4-aca2-81cb34d37733/resourceGroups/rg-sandbox-jorrit/providers/Microsoft.Sql/servers/poc-dadp-dbsrv/databases/poc-dadp-dba",
            "import": [],
            "ledger_enabled": false,
            "license_type": "LicenseIncluded",
            "long_term_retention_policy": [
              {
                "monthly_retention": "PT0S",
                "week_of_year": 1,
                "weekly_retention": "PT0S",
                "yearly_retention": "PT0S"
              }
            ],
            "maintenance_configuration_name": "SQL_Default",
            "max_size_gb": 250,
            "min_capacity": 0,
            "name": "poc-dadp-dba",
            "read_replica_count": 0,
            "read_scale": false,
            "recover_database_id": null,
            "restore_dropped_database_id": null,
            "restore_point_in_time": null,
            "sample_name": null,
            "server_id": "/subscriptions/d5409f5d-f4fe-4cf4-aca2-81cb34d37733/resourceGroups/rg-sandbox-jorrit/providers/Microsoft.Sql/servers/poc-dadp-dbsrv",
            "short_term_retention_policy": [
              {
                "backup_interval_in_hours": 24,
                "retention_days": 7
              }
            ],
            "sku_name": "S0",
            "storage_account_type": "Geo",
            "tags": {},
            "threat_detection_policy": [
              {
                "disabled_alerts": [],
                "email_account_admins": "Disabled",
                "email_addresses": [],
                "retention_days": 0,
                "state": "Disabled",
                "storage_account_access_key": "",
                "storage_endpoint": ""
              }
            ],
            "timeouts": null,
            "transparent_data_encryption_enabled": true,
            "zone_redundant": false
          },
          "sensitive_attributes": [],
          "private": "eyJlMmJmYjczMC1lY2FhLTExZTYtOGY4OC0zNDM2M2JjN2M0YzAiOnsiY3JlYXRlIjozNjAwMDAwMDAwMDAwLCJkZWxldGUiOjM2MDAwMDAwMDAwMDAsInJlYWQiOjMwMDAwMDAwMDAwMCwidXBkYXRlIjozNjAwMDAwMDAwMDAwfSwic2NoZW1hX3ZlcnNpb24iOiIxIn0=",
          "dependencies": [
            "module.sql.azurerm_mssql_server.dbsrv"
          ]
        }
      ]
    },
    {
      "module": "module.sql",
      "mode": "managed",
      "type": "azurerm_mssql_server",
      "name": "dbsrv",
      "provider": "provider[\"registry.terraform.io/hashicorp/azurerm\"]",
      "instances": [
        {
          "schema_version": 0,
          "attributes": {
            "administrator_login": "jorrit",
            "administrator_login_password": "KLIM@1980muur",
            "azuread_administrator": [],
            "connection_policy": "Default",
            "fully_qualified_domain_name": "poc-dadp-dbsrv.database.windows.net",
            "id": "/subscriptions/d5409f5d-f4fe-4cf4-aca2-81cb34d37733/resourceGroups/rg-sandbox-jorrit/providers/Microsoft.Sql/servers/poc-dadp-dbsrv",
            "identity": [],
            "location": "westeurope",
            "minimum_tls_version": "1.2",
            "name": "poc-dadp-dbsrv",
            "outbound_network_restriction_enabled": false,
            "primary_user_assigned_identity_id": "",
            "public_network_access_enabled": true,
            "resource_group_name": "rg-sandbox-jorrit",
            "restorable_dropped_database_ids": [],
            "tags": {},
            "timeouts": null,
            "version": "12.0"
          },
          "sensitive_attributes": [],
          "private": "eyJlMmJmYjczMC1lY2FhLTExZTYtOGY4OC0zNDM2M2JjN2M0YzAiOnsiY3JlYXRlIjozNjAwMDAwMDAwMDAwLCJkZWxldGUiOjM2MDAwMDAwMDAwMDAsInJlYWQiOjMwMDAwMDAwMDAwMCwidXBkYXRlIjozNjAwMDAwMDAwMDAwfX0="
        }
      ]
    },
    {
      "module": "module.sql",
      "mode": "managed",
      "type": "azurerm_storage_account",
      "name": "strgaudit",
      "provider": "provider[\"registry.terraform.io/hashicorp/azurerm\"]",
      "instances": [
        {
          "schema_version": 3,
          "attributes": {
            "access_tier": "Hot",
            "account_kind": "StorageV2",
            "account_replication_type": "LRS",
            "account_tier": "Standard",
            "allow_nested_items_to_be_public": true,
            "allowed_copy_scope": "",
            "azure_files_authentication": [],
            "blob_properties": [
              {
                "change_feed_enabled": false,
                "change_feed_retention_in_days": 0,
                "container_delete_retention_policy": [],
                "cors_rule": [],
                "default_service_version": "",
                "delete_retention_policy": [],
                "last_access_time_enabled": false,
                "restore_policy": [],
                "versioning_enabled": false
              }
            ],
            "cross_tenant_replication_enabled": true,
            "custom_domain": [],
            "customer_managed_key": [],
            "default_to_oauth_authentication": false,
            "edge_zone": "",
            "enable_https_traffic_only": true,
            "id": "/subscriptions/d5409f5d-f4fe-4cf4-aca2-81cb34d37733/resourceGroups/rg-sandbox-jorrit/providers/Microsoft.Storage/storageAccounts/strglzxrwbstrg",
            "identity": [],
            "immutability_policy": [],
            "infrastructure_encryption_enabled": false,
            "is_hns_enabled": false,
            "large_file_share_enabled": null,
            "location": "westeurope",
            "min_tls_version": "TLS1_2",
            "name": "strglzxrwbstrg",
            "network_rules": [
              {
                "bypass": [
                  "AzureServices"
                ],
                "default_action": "Allow",
                "ip_rules": [],
                "private_link_access": [],
                "virtual_network_subnet_ids": []
              }
            ],
            "nfsv3_enabled": false,
            "primary_access_key": "TRE7GDiO4ZoJmGDJ98+6C3EC8dRqg8X/MR8m8sYX5GCpae0h5PRMKMkGYNzC2SqRDM80ywQOd+k2+ASt0BYkOg==",
            "primary_blob_connection_string": "DefaultEndpointsProtocol=https;BlobEndpoint=https://strglzxrwbstrg.blob.core.windows.net/;AccountName=strglzxrwbstrg;AccountKey=TRE7GDiO4ZoJmGDJ98+6C3EC8dRqg8X/MR8m8sYX5GCpae0h5PRMKMkGYNzC2SqRDM80ywQOd+k2+ASt0BYkOg==",
            "primary_blob_endpoint": "https://strglzxrwbstrg.blob.core.windows.net/",
            "primary_blob_host": "strglzxrwbstrg.blob.core.windows.net",
            "primary_connection_string": "DefaultEndpointsProtocol=https;AccountName=strglzxrwbstrg;AccountKey=TRE7GDiO4ZoJmGDJ98+6C3EC8dRqg8X/MR8m8sYX5GCpae0h5PRMKMkGYNzC2SqRDM80ywQOd+k2+ASt0BYkOg==;EndpointSuffix=core.windows.net",
            "primary_dfs_endpoint": "https://strglzxrwbstrg.dfs.core.windows.net/",
            "primary_dfs_host": "strglzxrwbstrg.dfs.core.windows.net",
            "primary_file_endpoint": "https://strglzxrwbstrg.file.core.windows.net/",
            "primary_file_host": "strglzxrwbstrg.file.core.windows.net",
            "primary_location": "westeurope",
            "primary_queue_endpoint": "https://strglzxrwbstrg.queue.core.windows.net/",
            "primary_queue_host": "strglzxrwbstrg.queue.core.windows.net",
            "primary_table_endpoint": "https://strglzxrwbstrg.table.core.windows.net/",
            "primary_table_host": "strglzxrwbstrg.table.core.windows.net",
            "primary_web_endpoint": "https://strglzxrwbstrg.z6.web.core.windows.net/",
            "primary_web_host": "strglzxrwbstrg.z6.web.core.windows.net",
            "public_network_access_enabled": true,
            "queue_encryption_key_type": "Service",
            "queue_properties": [
              {
                "cors_rule": [],
                "hour_metrics": [
                  {
                    "enabled": true,
                    "include_apis": true,
                    "retention_policy_days": 7,
                    "version": "1.0"
                  }
                ],
                "logging": [
                  {
                    "delete": false,
                    "read": false,
                    "retention_policy_days": 0,
                    "version": "1.0",
                    "write": false
                  }
                ],
                "minute_metrics": [
                  {
                    "enabled": false,
                    "include_apis": false,
                    "retention_policy_days": 0,
                    "version": "1.0"
                  }
                ]
              }
            ],
            "resource_group_name": "rg-sandbox-jorrit",
            "routing": [],
            "sas_policy": [],
            "secondary_access_key": "wVpMSMTbmKE2a+sERzeVYD31UuYfUBf6iS22V+TXxMCAegIx8MpKwvEEXNX1WUO3ZzUMELSpv5R4+AStMc9Zwg==",
            "secondary_blob_connection_string": "",
            "secondary_blob_endpoint": null,
            "secondary_blob_host": null,
            "secondary_connection_string": "DefaultEndpointsProtocol=https;AccountName=strglzxrwbstrg;AccountKey=wVpMSMTbmKE2a+sERzeVYD31UuYfUBf6iS22V+TXxMCAegIx8MpKwvEEXNX1WUO3ZzUMELSpv5R4+AStMc9Zwg==;EndpointSuffix=core.windows.net",
            "secondary_dfs_endpoint": null,
            "secondary_dfs_host": null,
            "secondary_file_endpoint": null,
            "secondary_file_host": null,
            "secondary_location": "",
            "secondary_queue_endpoint": null,
            "secondary_queue_host": null,
            "secondary_table_endpoint": null,
            "secondary_table_host": null,
            "secondary_web_endpoint": null,
            "secondary_web_host": null,
            "sftp_enabled": false,
            "share_properties": [
              {
                "cors_rule": [],
                "retention_policy": [
                  {
                    "days": 7
                  }
                ],
                "smb": []
              }
            ],
            "shared_access_key_enabled": true,
            "static_website": [],
            "table_encryption_key_type": "Service",
            "tags": {},
            "timeouts": null
          },
          "sensitive_attributes": [],
          "private": "eyJlMmJmYjczMC1lY2FhLTExZTYtOGY4OC0zNDM2M2JjN2M0YzAiOnsiY3JlYXRlIjozNjAwMDAwMDAwMDAwLCJkZWxldGUiOjM2MDAwMDAwMDAwMDAsInJlYWQiOjMwMDAwMDAwMDAwMCwidXBkYXRlIjozNjAwMDAwMDAwMDAwfSwic2NoZW1hX3ZlcnNpb24iOiIzIn0=",
          "dependencies": [
            "module.sql.random_string.random"
          ]
        }
      ]
    },
    {
      "module": "module.sql",
      "mode": "managed",
      "type": "random_string",
      "name": "random",
      "provider": "provider[\"registry.terraform.io/hashicorp/random\"]",
      "instances": [
        {
          "schema_version": 2,
          "attributes": {
            "id": "lzxrwb",
            "keepers": null,
            "length": 6,
            "lower": true,
            "min_lower": 0,
            "min_numeric": 0,
            "min_special": 0,
            "min_upper": 0,
            "number": true,
            "numeric": true,
            "override_special": null,
            "result": "lzxrwb",
            "special": false,
            "upper": false
          },
          "sensitive_attributes": []
        }
      ]
    },
    {
      "module": "module.storageaccounts",
      "mode": "managed",
      "type": "azurerm_storage_account",
      "name": "dhl-strg",
      "provider": "provider[\"registry.terraform.io/hashicorp/azurerm\"]",
      "instances": [
        {
          "schema_version": 3,
          "attributes": {
            "access_tier": "Hot",
            "account_kind": "StorageV2",
            "account_replication_type": "LRS",
            "account_tier": "Standard",
            "allow_nested_items_to_be_public": true,
            "allowed_copy_scope": "",
            "azure_files_authentication": [],
            "blob_properties": [
              {
                "change_feed_enabled": false,
                "change_feed_retention_in_days": 0,
                "container_delete_retention_policy": [],
                "cors_rule": [],
                "default_service_version": "",
                "delete_retention_policy": [],
                "last_access_time_enabled": false,
                "restore_policy": [],
                "versioning_enabled": false
              }
            ],
            "cross_tenant_replication_enabled": true,
            "custom_domain": [],
            "customer_managed_key": [],
            "default_to_oauth_authentication": false,
            "edge_zone": "",
            "enable_https_traffic_only": true,
            "id": "/subscriptions/d5409f5d-f4fe-4cf4-aca2-81cb34d37733/resourceGroups/rg-sandbox-jorrit/providers/Microsoft.Storage/storageAccounts/strgdadp3ke3wbstrg",
            "identity": [],
            "immutability_policy": [],
            "infrastructure_encryption_enabled": false,
            "is_hns_enabled": true,
            "large_file_share_enabled": null,
            "location": "westeurope",
            "min_tls_version": "TLS1_2",
            "name": "strgdadp3ke3wbstrg",
            "network_rules": [
              {
                "bypass": [
                  "AzureServices"
                ],
                "default_action": "Allow",
                "ip_rules": [],
                "private_link_access": [],
                "virtual_network_subnet_ids": []
              }
            ],
            "nfsv3_enabled": false,
            "primary_access_key": "hwl7BXVqWxkP9RfbIDSwIscTCdumt66YJe0kQ7oHT0zftfD4n4zTuEuJr0gbd8XqrGK/s0f4JPrO+AStsto8FQ==",
            "primary_blob_connection_string": "DefaultEndpointsProtocol=https;BlobEndpoint=https://strgdadp3ke3wbstrg.blob.core.windows.net/;AccountName=strgdadp3ke3wbstrg;AccountKey=hwl7BXVqWxkP9RfbIDSwIscTCdumt66YJe0kQ7oHT0zftfD4n4zTuEuJr0gbd8XqrGK/s0f4JPrO+AStsto8FQ==",
            "primary_blob_endpoint": "https://strgdadp3ke3wbstrg.blob.core.windows.net/",
            "primary_blob_host": "strgdadp3ke3wbstrg.blob.core.windows.net",
            "primary_connection_string": "DefaultEndpointsProtocol=https;AccountName=strgdadp3ke3wbstrg;AccountKey=hwl7BXVqWxkP9RfbIDSwIscTCdumt66YJe0kQ7oHT0zftfD4n4zTuEuJr0gbd8XqrGK/s0f4JPrO+AStsto8FQ==;EndpointSuffix=core.windows.net",
            "primary_dfs_endpoint": "https://strgdadp3ke3wbstrg.dfs.core.windows.net/",
            "primary_dfs_host": "strgdadp3ke3wbstrg.dfs.core.windows.net",
            "primary_file_endpoint": "https://strgdadp3ke3wbstrg.file.core.windows.net/",
            "primary_file_host": "strgdadp3ke3wbstrg.file.core.windows.net",
            "primary_location": "westeurope",
            "primary_queue_endpoint": "https://strgdadp3ke3wbstrg.queue.core.windows.net/",
            "primary_queue_host": "strgdadp3ke3wbstrg.queue.core.windows.net",
            "primary_table_endpoint": "https://strgdadp3ke3wbstrg.table.core.windows.net/",
            "primary_table_host": "strgdadp3ke3wbstrg.table.core.windows.net",
            "primary_web_endpoint": "https://strgdadp3ke3wbstrg.z6.web.core.windows.net/",
            "primary_web_host": "strgdadp3ke3wbstrg.z6.web.core.windows.net",
            "public_network_access_enabled": true,
            "queue_encryption_key_type": "Service",
            "queue_properties": [
              {
                "cors_rule": [],
                "hour_metrics": [
                  {
                    "enabled": true,
                    "include_apis": true,
                    "retention_policy_days": 7,
                    "version": "1.0"
                  }
                ],
                "logging": [
                  {
                    "delete": false,
                    "read": false,
                    "retention_policy_days": 0,
                    "version": "1.0",
                    "write": false
                  }
                ],
                "minute_metrics": [
                  {
                    "enabled": false,
                    "include_apis": false,
                    "retention_policy_days": 0,
                    "version": "1.0"
                  }
                ]
              }
            ],
            "resource_group_name": "rg-sandbox-jorrit",
            "routing": [],
            "sas_policy": [],
            "secondary_access_key": "QfYUlXa7Ux4zIjzxfmwEkwSka4jnOzcp+zEiL12nGLsOc5CRr+0cwNtNSLNPXz3IWnmy0CNMCq/y+AStdNcRmw==",
            "secondary_blob_connection_string": "",
            "secondary_blob_endpoint": null,
            "secondary_blob_host": null,
            "secondary_connection_string": "DefaultEndpointsProtocol=https;AccountName=strgdadp3ke3wbstrg;AccountKey=QfYUlXa7Ux4zIjzxfmwEkwSka4jnOzcp+zEiL12nGLsOc5CRr+0cwNtNSLNPXz3IWnmy0CNMCq/y+AStdNcRmw==;EndpointSuffix=core.windows.net",
            "secondary_dfs_endpoint": null,
            "secondary_dfs_host": null,
            "secondary_file_endpoint": null,
            "secondary_file_host": null,
            "secondary_location": "",
            "secondary_queue_endpoint": null,
            "secondary_queue_host": null,
            "secondary_table_endpoint": null,
            "secondary_table_host": null,
            "secondary_web_endpoint": null,
            "secondary_web_host": null,
            "sftp_enabled": false,
            "share_properties": [
              {
                "cors_rule": [],
                "retention_policy": [
                  {
                    "days": 7
                  }
                ],
                "smb": []
              }
            ],
            "shared_access_key_enabled": true,
            "static_website": [],
            "table_encryption_key_type": "Service",
            "tags": {},
            "timeouts": null
          },
          "sensitive_attributes": [],
          "private": "eyJlMmJmYjczMC1lY2FhLTExZTYtOGY4OC0zNDM2M2JjN2M0YzAiOnsiY3JlYXRlIjozNjAwMDAwMDAwMDAwLCJkZWxldGUiOjM2MDAwMDAwMDAwMDAsInJlYWQiOjMwMDAwMDAwMDAwMCwidXBkYXRlIjozNjAwMDAwMDAwMDAwfSwic2NoZW1hX3ZlcnNpb24iOiIzIn0=",
          "dependencies": [
            "module.storageaccounts.random_string.random"
          ]
        }
      ]
    },
    {
      "module": "module.storageaccounts",
      "mode": "managed",
      "type": "azurerm_storage_data_lake_gen2_filesystem",
      "name": "dhl-filesystem",
      "provider": "provider[\"registry.terraform.io/hashicorp/azurerm\"]",
      "instances": [
        {
          "schema_version": 0,
          "attributes": {
            "ace": [
              {
                "id": "",
                "permissions": "---",
                "scope": "access",
                "type": "other"
              },
              {
                "id": "",
                "permissions": "r-x",
                "scope": "access",
                "type": "group"
              },
              {
                "id": "",
                "permissions": "rwx",
                "scope": "access",
                "type": "user"
              }
            ],
            "group": "65fd51c6-cd9a-4900-9200-4797d34f3084",
            "id": "https://strgdadp3ke3wbstrg.dfs.core.windows.net/data",
            "name": "data",
            "owner": "65fd51c6-cd9a-4900-9200-4797d34f3084",
            "properties": {
              "hello": "aGVsbG8="
            },
            "storage_account_id": "/subscriptions/d5409f5d-f4fe-4cf4-aca2-81cb34d37733/resourceGroups/rg-sandbox-jorrit/providers/Microsoft.Storage/storageAccounts/strgdadp3ke3wbstrg",
            "timeouts": null
          },
          "sensitive_attributes": [],
          "private": "eyJlMmJmYjczMC1lY2FhLTExZTYtOGY4OC0zNDM2M2JjN2M0YzAiOnsiY3JlYXRlIjoxODAwMDAwMDAwMDAwLCJkZWxldGUiOjE4MDAwMDAwMDAwMDAsInJlYWQiOjMwMDAwMDAwMDAwMCwidXBkYXRlIjoxODAwMDAwMDAwMDAwfX0=",
          "dependencies": [
            "module.storageaccounts.azurerm_storage_account.dhl-strg",
            "module.storageaccounts.random_string.random"
          ]
        }
      ]
    },
    {
      "module": "module.storageaccounts",
      "mode": "managed",
      "type": "random_string",
      "name": "random",
      "provider": "provider[\"registry.terraform.io/hashicorp/random\"]",
      "instances": [
        {
          "schema_version": 2,
          "attributes": {
            "id": "3ke3wb",
            "keepers": null,
            "length": 6,
            "lower": true,
            "min_lower": 0,
            "min_numeric": 0,
            "min_special": 0,
            "min_upper": 0,
            "number": true,
            "numeric": true,
            "override_special": null,
            "result": "3ke3wb",
            "special": false,
            "upper": false
          },
          "sensitive_attributes": []
        }
      ]
    },
    {
      "module": "module.virtual-machine",
      "mode": "managed",
      "type": "azurerm_network_interface",
      "name": "example",
      "provider": "provider[\"registry.terraform.io/hashicorp/azurerm\"]",
      "instances": [
        {
          "schema_version": 0,
          "attributes": {
            "applied_dns_servers": [],
            "dns_servers": [],
            "edge_zone": "",
            "enable_accelerated_networking": false,
            "enable_ip_forwarding": false,
            "id": "/subscriptions/d5409f5d-f4fe-4cf4-aca2-81cb34d37733/resourceGroups/rg-sandbox-jorrit/providers/Microsoft.Network/networkInterfaces/poc-dadp-nic",
            "internal_dns_name_label": "",
            "internal_domain_name_suffix": "sls1ktbvqzievjddkqarzbmged.ax.internal.cloudapp.net",
            "ip_configuration": [
              {
                "gateway_load_balancer_frontend_ip_configuration_id": "",
                "name": "internal",
                "primary": true,
                "private_ip_address": "10.0.2.4",
                "private_ip_address_allocation": "Dynamic",
                "private_ip_address_version": "IPv4",
                "public_ip_address_id": "",
                "subnet_id": "/subscriptions/d5409f5d-f4fe-4cf4-aca2-81cb34d37733/resourceGroups/rg-sandbox-jorrit/providers/Microsoft.Network/virtualNetworks/poc-dadp-vnet/subnets/poc-dadp-sub"
              }
            ],
            "location": "westeurope",
            "mac_address": "00-0D-3A-BF-DE-FE",
            "name": "poc-dadp-nic",
            "private_ip_address": "10.0.2.4",
            "private_ip_addresses": [
              "10.0.2.4"
            ],
            "resource_group_name": "rg-sandbox-jorrit",
            "tags": {},
            "timeouts": null,
            "virtual_machine_id": "/subscriptions/d5409f5d-f4fe-4cf4-aca2-81cb34d37733/resourceGroups/rg-sandbox-jorrit/providers/Microsoft.Compute/virtualMachines/poc-dadp-vm1"
          },
          "sensitive_attributes": [],
          "private": "eyJlMmJmYjczMC1lY2FhLTExZTYtOGY4OC0zNDM2M2JjN2M0YzAiOnsiY3JlYXRlIjoxODAwMDAwMDAwMDAwLCJkZWxldGUiOjE4MDAwMDAwMDAwMDAsInJlYWQiOjMwMDAwMDAwMDAwMCwidXBkYXRlIjoxODAwMDAwMDAwMDAwfX0=",
          "dependencies": [
            "module.log-analytics.azurerm_log_analytics_workspace.log",
            "module.virtual-machine.azurerm_subnet.example",
            "module.virtual-machine.azurerm_virtual_network.example"
          ]
        }
      ]
    },
    {
      "module": "module.virtual-machine",
      "mode": "managed",
      "type": "azurerm_subnet",
      "name": "example",
      "provider": "provider[\"registry.terraform.io/hashicorp/azurerm\"]",
      "instances": [
        {
          "schema_version": 0,
          "attributes": {
            "address_prefixes": [
              "10.0.2.0/24"
            ],
            "delegation": [],
            "enforce_private_link_endpoint_network_policies": false,
            "enforce_private_link_service_network_policies": false,
            "id": "/subscriptions/d5409f5d-f4fe-4cf4-aca2-81cb34d37733/resourceGroups/rg-sandbox-jorrit/providers/Microsoft.Network/virtualNetworks/poc-dadp-vnet/subnets/poc-dadp-sub",
            "name": "poc-dadp-sub",
            "private_endpoint_network_policies_enabled": true,
            "private_link_service_network_policies_enabled": true,
            "resource_group_name": "rg-sandbox-jorrit",
            "service_endpoint_policy_ids": [],
            "service_endpoints": [],
            "timeouts": null,
            "virtual_network_name": "poc-dadp-vnet"
          },
          "sensitive_attributes": [],
          "private": "eyJlMmJmYjczMC1lY2FhLTExZTYtOGY4OC0zNDM2M2JjN2M0YzAiOnsiY3JlYXRlIjoxODAwMDAwMDAwMDAwLCJkZWxldGUiOjE4MDAwMDAwMDAwMDAsInJlYWQiOjMwMDAwMDAwMDAwMCwidXBkYXRlIjoxODAwMDAwMDAwMDAwfX0=",
          "dependencies": [
            "module.log-analytics.azurerm_log_analytics_workspace.log",
            "module.virtual-machine.azurerm_virtual_network.example"
          ]
        }
      ]
    },
    {
      "module": "module.virtual-machine",
      "mode": "managed",
      "type": "azurerm_virtual_network",
      "name": "example",
      "provider": "provider[\"registry.terraform.io/hashicorp/azurerm\"]",
      "instances": [
        {
          "schema_version": 0,
          "attributes": {
            "address_space": [
              "10.0.0.0/16"
            ],
            "bgp_community": "",
            "ddos_protection_plan": [],
            "dns_servers": [],
            "edge_zone": "",
            "flow_timeout_in_minutes": 0,
            "guid": "4cb5e592-8635-4a50-a463-54011c858623",
            "id": "/subscriptions/d5409f5d-f4fe-4cf4-aca2-81cb34d37733/resourceGroups/rg-sandbox-jorrit/providers/Microsoft.Network/virtualNetworks/poc-dadp-vnet",
            "location": "westeurope",
            "name": "poc-dadp-vnet",
            "resource_group_name": "rg-sandbox-jorrit",
            "subnet": [
              {
                "address_prefix": "10.0.2.0/24",
                "id": "/subscriptions/d5409f5d-f4fe-4cf4-aca2-81cb34d37733/resourceGroups/rg-sandbox-jorrit/providers/Microsoft.Network/virtualNetworks/poc-dadp-vnet/subnets/poc-dadp-sub",
                "name": "poc-dadp-sub",
                "security_group": ""
              },
              {
                "address_prefix": "10.0.3.0/26",
                "id": "/subscriptions/d5409f5d-f4fe-4cf4-aca2-81cb34d37733/resourceGroups/rg-sandbox-jorrit/providers/Microsoft.Network/virtualNetworks/poc-dadp-vnet/subnets/AzureBastionSubnet",
                "name": "AzureBastionSubnet",
                "security_group": ""
              }
            ],
            "tags": {},
            "timeouts": null
          },
          "sensitive_attributes": [],
          "private": "eyJlMmJmYjczMC1lY2FhLTExZTYtOGY4OC0zNDM2M2JjN2M0YzAiOnsiY3JlYXRlIjoxODAwMDAwMDAwMDAwLCJkZWxldGUiOjE4MDAwMDAwMDAwMDAsInJlYWQiOjMwMDAwMDAwMDAwMCwidXBkYXRlIjoxODAwMDAwMDAwMDAwfX0=",
          "dependencies": [
            "module.log-analytics.azurerm_log_analytics_workspace.log"
          ]
        }
      ]
    },
    {
      "module": "module.virtual-machine",
      "mode": "managed",
      "type": "azurerm_windows_virtual_machine",
      "name": "vm1",
      "provider": "provider[\"registry.terraform.io/hashicorp/azurerm\"]",
      "instances": [
        {
          "schema_version": 0,
          "attributes": {
            "additional_capabilities": [],
            "additional_unattend_content": [],
            "admin_password": "Test@1980muur",
            "admin_username": "dadpuser",
            "allow_extension_operations": true,
            "availability_set_id": "",
            "boot_diagnostics": [],
            "capacity_reservation_group_id": "",
            "computer_name": "poc-dadp-vm1",
            "custom_data": null,
            "dedicated_host_group_id": "",
            "dedicated_host_id": "",
            "edge_zone": "",
            "enable_automatic_updates": true,
            "encryption_at_host_enabled": false,
            "eviction_policy": "",
            "extensions_time_budget": "PT1H30M",
            "gallery_application": [],
            "hotpatching_enabled": false,
            "id": "/subscriptions/d5409f5d-f4fe-4cf4-aca2-81cb34d37733/resourceGroups/rg-sandbox-jorrit/providers/Microsoft.Compute/virtualMachines/poc-dadp-vm1",
            "identity": [],
            "license_type": "",
            "location": "westeurope",
            "max_bid_price": -1,
            "name": "poc-dadp-vm1",
            "network_interface_ids": [
              "/subscriptions/d5409f5d-f4fe-4cf4-aca2-81cb34d37733/resourceGroups/rg-sandbox-jorrit/providers/Microsoft.Network/networkInterfaces/poc-dadp-nic"
            ],
            "os_disk": [
              {
                "caching": "ReadWrite",
                "diff_disk_settings": [],
                "disk_encryption_set_id": "",
                "disk_size_gb": 127,
                "name": "poc-dadp-vm1_OsDisk_1_117aa81c9cf54f3f81dcd61c95a9c108",
                "secure_vm_disk_encryption_set_id": "",
                "security_encryption_type": "",
                "storage_account_type": "Standard_LRS",
                "write_accelerator_enabled": false
              }
            ],
            "patch_assessment_mode": "ImageDefault",
            "patch_mode": "AutomaticByOS",
            "plan": [],
            "platform_fault_domain": -1,
            "priority": "Regular",
            "private_ip_address": "10.0.2.4",
            "private_ip_addresses": [
              "10.0.2.4"
            ],
            "provision_vm_agent": true,
            "proximity_placement_group_id": "",
            "public_ip_address": "",
            "public_ip_addresses": [],
            "resource_group_name": "rg-sandbox-jorrit",
            "secret": [],
            "secure_boot_enabled": false,
            "size": "Standard_D1_v2",
            "source_image_id": "",
            "source_image_reference": [
              {
                "offer": "WindowsServer",
                "publisher": "MicrosoftWindowsServer",
                "sku": "2016-Datacenter",
                "version": "latest"
              }
            ],
            "tags": {},
            "termination_notification": [],
            "timeouts": null,
            "timezone": "",
            "user_data": "",
            "virtual_machine_id": "cb3349e0-6445-4d24-99f8-7fcdd58a5569",
            "virtual_machine_scale_set_id": "",
            "vtpm_enabled": false,
            "winrm_listener": [],
            "zone": ""
          },
          "sensitive_attributes": [],
          "private": "eyJlMmJmYjczMC1lY2FhLTExZTYtOGY4OC0zNDM2M2JjN2M0YzAiOnsiY3JlYXRlIjoyNzAwMDAwMDAwMDAwLCJkZWxldGUiOjI3MDAwMDAwMDAwMDAsInJlYWQiOjMwMDAwMDAwMDAwMCwidXBkYXRlIjoyNzAwMDAwMDAwMDAwfX0=",
          "dependencies": [
            "module.log-analytics.azurerm_log_analytics_workspace.log",
            "module.virtual-machine.azurerm_network_interface.example"
          ]
        }
      ]
    }
  ],
  "check_results": null
}
