{
  "version": 4,
  "terraform_version": "1.4.6",
  "serial": 17,
  "lineage": "37eb65a6-26df-33b4-af10-ce7b5e669241",
  "outputs": {
    "current_subscription_display_name": {
      "value": "DHL Parcel Sandbox",
      "type": "string"
    },
    "current_subscription_id": {
      "value": "d5409f5d-f4fe-4cf4-aca2-81cb34d37733",
      "type": "string"
    },
    "current_subscription_spending_limit": {
      "value": "Off",
      "type": "string"
    },
    "log_analytics_workspace_id": {
      "value": "/subscriptions/d5409f5d-f4fe-4cf4-aca2-81cb34d37733/resourceGroups/rg-sandbox-jorrit/providers/Microsoft.OperationalInsights/workspaces/poc-dadp-log",
      "type": "string"
    },
    "root_storage_account_id": {
      "value": "/subscriptions/d5409f5d-f4fe-4cf4-aca2-81cb34d37733/resourceGroups/rg-sandbox-jorrit/providers/Microsoft.Storage/storageAccounts/strgdadpwgr4custrg",
      "type": "string"
    },
    "root_storage_account_name": {
      "value": "strgdadpwgr4custrg",
      "type": "string"
    },
    "storag_account_terraform_statefile": {
      "value": {
        "id": "resource-6774d67d-1ffc-4bd5-a479-f418fc2fc803",
        "name": null,
        "required_tags": {
          "role": "state_storage"
        },
        "resource_group_name": null,
        "resources": [],
        "timeouts": null,
        "type": "Microsoft.Storage/storageAccounts"
      },
      "type": [
        "object",
        {
          "id": "string",
          "name": "string",
          "required_tags": [
            "map",
            "string"
          ],
          "resource_group_name": "string",
          "resources": [
            "list",
            [
              "object",
              {
                "id": "string",
                "location": "string",
                "name": "string",
                "tags": [
                  "map",
                  "string"
                ],
                "type": "string"
              }
            ]
          ],
          "timeouts": [
            "object",
            {
              "read": "string"
            }
          ],
          "type": "string"
        }
      ]
    }
  },
  "resources": [
    {
      "mode": "data",
      "type": "azurerm_client_config",
      "name": "current",
      "provider": "provider[\"registry.terraform.io/hashicorp/azurerm\"]",
      "instances": [
        {
          "schema_version": 0,
          "attributes": {
            "client_id": "04b07795-8ddb-461a-bbee-02f9e1bf7b46",
            "id": "Y2xpZW50Q29uZmlncy9jbGllbnRJZD0wNGIwNzc5NS04ZGRiLTQ2MWEtYmJlZS0wMmY5ZTFiZjdiNDY7b2JqZWN0SWQ9NjVmZDUxYzYtY2Q5YS00OTAwLTkyMDAtNDc5N2QzNGYzMDg0O3N1YnNjcmlwdGlvbklkPWQ1NDA5ZjVkLWY0ZmUtNGNmNC1hY2EyLTgxY2IzNGQzNzczMzt0ZW5hbnRJZD1hYWE4YzUxOS1kYjcyLTQ1OWQtODRmMC0zMmVkYzJlYzIzZmI=",
            "object_id": "65fd51c6-cd9a-4900-9200-4797d34f3084",
            "subscription_id": "d5409f5d-f4fe-4cf4-aca2-81cb34d37733",
            "tenant_id": "aaa8c519-db72-459d-84f0-32edc2ec23fb",
            "timeouts": null
          },
          "sensitive_attributes": []
        }
      ]
    },
    {
      "mode": "data",
      "type": "azurerm_resources",
      "name": "terraform-state-storage",
      "provider": "provider[\"registry.terraform.io/hashicorp/azurerm\"]",
      "instances": [
        {
          "schema_version": 0,
          "attributes": {
            "id": "resource-6774d67d-1ffc-4bd5-a479-f418fc2fc803",
            "name": null,
            "required_tags": {
              "role": "state_storage"
            },
            "resource_group_name": null,
            "resources": [],
            "timeouts": null,
            "type": "Microsoft.Storage/storageAccounts"
          },
          "sensitive_attributes": []
        }
      ]
    },
    {
      "mode": "data",
      "type": "azurerm_subscription",
      "name": "current",
      "provider": "provider[\"registry.terraform.io/hashicorp/azurerm\"]",
      "instances": [
        {
          "schema_version": 0,
          "attributes": {
            "display_name": "DHL Parcel Sandbox",
            "id": "/subscriptions/d5409f5d-f4fe-4cf4-aca2-81cb34d37733",
            "location_placement_id": "Public_2014-09-01",
            "quota_id": "CSP_2015-05-01",
            "spending_limit": "Off",
            "state": "Enabled",
            "subscription_id": "d5409f5d-f4fe-4cf4-aca2-81cb34d37733",
            "tags": {},
            "tenant_id": "aaa8c519-db72-459d-84f0-32edc2ec23fb",
            "timeouts": null
          },
          "sensitive_attributes": []
        }
      ]
    },
    {
      "mode": "data",
      "type": "azurerm_subscription",
      "name": "primary",
      "provider": "provider[\"registry.terraform.io/hashicorp/azurerm\"]",
      "instances": [
        {
          "schema_version": 0,
          "attributes": {
            "display_name": "DHL Parcel Sandbox",
            "id": "/subscriptions/d5409f5d-f4fe-4cf4-aca2-81cb34d37733",
            "location_placement_id": "Public_2014-09-01",
            "quota_id": "CSP_2015-05-01",
            "spending_limit": "Off",
            "state": "Enabled",
            "subscription_id": "d5409f5d-f4fe-4cf4-aca2-81cb34d37733",
            "tags": {},
            "tenant_id": "aaa8c519-db72-459d-84f0-32edc2ec23fb",
            "timeouts": null
          },
          "sensitive_attributes": []
        }
      ]
    },
    {
      "module": "module.data-factory",
      "mode": "managed",
      "type": "azurerm_data_factory",
      "name": "df",
      "provider": "provider[\"registry.terraform.io/hashicorp/azurerm\"]",
      "instances": [
        {
          "schema_version": 2,
          "attributes": {
            "customer_managed_key_id": "",
            "customer_managed_key_identity_id": "",
            "github_configuration": [],
            "global_parameter": [],
            "id": "/subscriptions/d5409f5d-f4fe-4cf4-aca2-81cb34d37733/resourceGroups/rg-sandbox-jorrit/providers/Microsoft.DataFactory/factories/poc-dadp-df",
            "identity": [],
            "location": "westeurope",
            "managed_virtual_network_enabled": false,
            "name": "poc-dadp-df",
            "public_network_enabled": true,
            "purview_id": null,
            "resource_group_name": "rg-sandbox-jorrit",
            "tags": null,
            "timeouts": null,
            "vsts_configuration": []
          },
          "sensitive_attributes": [],
          "private": "eyJlMmJmYjczMC1lY2FhLTExZTYtOGY4OC0zNDM2M2JjN2M0YzAiOnsiY3JlYXRlIjoxODAwMDAwMDAwMDAwLCJkZWxldGUiOjE4MDAwMDAwMDAwMDAsInJlYWQiOjMwMDAwMDAwMDAwMCwidXBkYXRlIjoxODAwMDAwMDAwMDAwfSwic2NoZW1hX3ZlcnNpb24iOiIyIn0="
        }
      ]
    },
    {
      "module": "module.data-factory",
      "mode": "managed",
      "type": "azurerm_data_factory_integration_runtime_azure_ssis",
      "name": "ir",
      "provider": "provider[\"registry.terraform.io/hashicorp/azurerm\"]",
      "instances": [
        {
          "schema_version": 0,
          "attributes": {
            "catalog_info": [],
            "custom_setup_script": [],
            "data_factory_id": "/subscriptions/d5409f5d-f4fe-4cf4-aca2-81cb34d37733/resourceGroups/rg-sandbox-jorrit/providers/Microsoft.DataFactory/factories/poc-dadp-df",
            "description": "",
            "edition": "Standard",
            "express_custom_setup": [],
            "express_vnet_integration": [],
            "id": "/subscriptions/d5409f5d-f4fe-4cf4-aca2-81cb34d37733/resourceGroups/rg-sandbox-jorrit/providers/Microsoft.DataFactory/factories/poc-dadp-df/integrationruntimes/poc-dadp-ir",
            "license_type": "LicenseIncluded",
            "location": "westeurope",
            "max_parallel_executions_per_node": 1,
            "name": "poc-dadp-ir",
            "node_size": "Standard_D8_v3",
            "number_of_nodes": 1,
            "package_store": [],
            "proxy": [],
            "timeouts": null,
            "vnet_integration": []
          },
          "sensitive_attributes": [],
          "private": "eyJlMmJmYjczMC1lY2FhLTExZTYtOGY4OC0zNDM2M2JjN2M0YzAiOnsiY3JlYXRlIjoxODAwMDAwMDAwMDAwLCJkZWxldGUiOjE4MDAwMDAwMDAwMDAsInJlYWQiOjMwMDAwMDAwMDAwMCwidXBkYXRlIjoxODAwMDAwMDAwMDAwfX0=",
          "dependencies": [
            "module.data-factory.azurerm_data_factory.df"
          ]
        }
      ]
    },
    {
      "module": "module.data-factory",
      "mode": "managed",
      "type": "azurerm_monitor_diagnostic_setting",
      "name": "adf_diagnostics",
      "provider": "provider[\"registry.terraform.io/hashicorp/azurerm\"]",
      "instances": [
        {
          "schema_version": 0,
          "attributes": {
            "enabled_log": [
              {
                "category": "ActivityRuns",
                "category_group": "",
                "retention_policy": [
                  {
                    "days": 7,
                    "enabled": true
                  }
                ]
              },
              {
                "category": "PipelineRuns",
                "category_group": "",
                "retention_policy": [
                  {
                    "days": 7,
                    "enabled": true
                  }
                ]
              },
              {
                "category": "TriggerRuns",
                "category_group": "",
                "retention_policy": [
                  {
                    "days": 7,
                    "enabled": true
                  }
                ]
              }
            ],
            "eventhub_authorization_rule_id": "",
            "eventhub_name": "",
            "id": "/subscriptions/d5409f5d-f4fe-4cf4-aca2-81cb34d37733/resourceGroups/rg-sandbox-jorrit/providers/Microsoft.DataFactory/factories/poc-dadp-df|ala_df",
            "log": [
              {
                "category": "ActivityRuns",
                "category_group": "",
                "enabled": true,
                "retention_policy": [
                  {
                    "days": 7,
                    "enabled": true
                  }
                ]
              },
              {
                "category": "AirflowDagProcessingLogs",
                "category_group": "",
                "enabled": false,
                "retention_policy": [
                  {
                    "days": 0,
                    "enabled": false
                  }
                ]
              },
              {
                "category": "AirflowSchedulerLogs",
                "category_group": "",
                "enabled": false,
                "retention_policy": [
                  {
                    "days": 0,
                    "enabled": false
                  }
                ]
              },
              {
                "category": "AirflowTaskLogs",
                "category_group": "",
                "enabled": false,
                "retention_policy": [
                  {
                    "days": 0,
                    "enabled": false
                  }
                ]
              },
              {
                "category": "AirflowWebLogs",
                "category_group": "",
                "enabled": false,
                "retention_policy": [
                  {
                    "days": 0,
                    "enabled": false
                  }
                ]
              },
              {
                "category": "AirflowWorkerLogs",
                "category_group": "",
                "enabled": false,
                "retention_policy": [
                  {
                    "days": 0,
                    "enabled": false
                  }
                ]
              },
              {
                "category": "PipelineRuns",
                "category_group": "",
                "enabled": true,
                "retention_policy": [
                  {
                    "days": 7,
                    "enabled": true
                  }
                ]
              },
              {
                "category": "SSISIntegrationRuntimeLogs",
                "category_group": "",
                "enabled": false,
                "retention_policy": [
                  {
                    "days": 0,
                    "enabled": false
                  }
                ]
              },
              {
                "category": "SSISPackageEventMessageContext",
                "category_group": "",
                "enabled": false,
                "retention_policy": [
                  {
                    "days": 0,
                    "enabled": false
                  }
                ]
              },
              {
                "category": "SSISPackageEventMessages",
                "category_group": "",
                "enabled": false,
                "retention_policy": [
                  {
                    "days": 0,
                    "enabled": false
                  }
                ]
              },
              {
                "category": "SSISPackageExecutableStatistics",
                "category_group": "",
                "enabled": false,
                "retention_policy": [
                  {
                    "days": 0,
                    "enabled": false
                  }
                ]
              },
              {
                "category": "SSISPackageExecutionComponentPhases",
                "category_group": "",
                "enabled": false,
                "retention_policy": [
                  {
                    "days": 0,
                    "enabled": false
                  }
                ]
              },
              {
                "category": "SSISPackageExecutionDataStatistics",
                "category_group": "",
                "enabled": false,
                "retention_policy": [
                  {
                    "days": 0,
                    "enabled": false
                  }
                ]
              },
              {
                "category": "SandboxActivityRuns",
                "category_group": "",
                "enabled": false,
                "retention_policy": [
                  {
                    "days": 0,
                    "enabled": false
                  }
                ]
              },
              {
                "category": "SandboxPipelineRuns",
                "category_group": "",
                "enabled": false,
                "retention_policy": [
                  {
                    "days": 0,
                    "enabled": false
                  }
                ]
              },
              {
                "category": "TriggerRuns",
                "category_group": "",
                "enabled": true,
                "retention_policy": [
                  {
                    "days": 7,
                    "enabled": true
                  }
                ]
              }
            ],
            "log_analytics_destination_type": "AzureDiagnostics",
            "log_analytics_workspace_id": "/subscriptions/d5409f5d-f4fe-4cf4-aca2-81cb34d37733/resourceGroups/rg-sandbox-jorrit/providers/Microsoft.OperationalInsights/workspaces/poc-dadp-log",
            "metric": [
              {
                "category": "AllMetrics",
                "enabled": true,
                "retention_policy": [
                  {
                    "days": 7,
                    "enabled": true
                  }
                ]
              }
            ],
            "name": "ala_df",
            "partner_solution_id": null,
            "storage_account_id": null,
            "target_resource_id": "/subscriptions/d5409f5d-f4fe-4cf4-aca2-81cb34d37733/resourceGroups/rg-sandbox-jorrit/providers/Microsoft.DataFactory/factories/poc-dadp-df",
            "timeouts": null
          },
          "sensitive_attributes": [],
          "private": "eyJlMmJmYjczMC1lY2FhLTExZTYtOGY4OC0zNDM2M2JjN2M0YzAiOnsiY3JlYXRlIjoxODAwMDAwMDAwMDAwLCJkZWxldGUiOjM2MDAwMDAwMDAwMDAsInJlYWQiOjMwMDAwMDAwMDAwMCwidXBkYXRlIjoxODAwMDAwMDAwMDAwfX0=",
          "dependencies": [
            "module.data-factory.azurerm_data_factory.df",
            "module.log-analytics.azurerm_log_analytics_workspace.log"
          ]
        }
      ]
    },
    {
      "module": "module.databricks",
      "mode": "managed",
      "type": "azurerm_databricks_workspace",
      "name": "example",
      "provider": "provider[\"registry.terraform.io/hashicorp/azurerm\"]",
      "instances": [
        {
          "schema_version": 0,
          "attributes": {
            "custom_parameters": [
              {
                "machine_learning_workspace_id": "",
                "nat_gateway_name": "nat-gateway",
                "no_public_ip": false,
                "private_subnet_name": "",
                "private_subnet_network_security_group_association_id": "",
                "public_ip_name": "nat-gw-public-ip",
                "public_subnet_name": "",
                "public_subnet_network_security_group_association_id": "",
                "storage_account_name": "dbstorage6dhqwyzfel46m",
                "storage_account_sku_name": "Standard_GRS",
                "virtual_network_id": "",
                "vnet_address_prefix": "10.139"
              }
            ],
            "customer_managed_key_enabled": false,
            "disk_encryption_set_id": null,
            "id": "/subscriptions/d5409f5d-f4fe-4cf4-aca2-81cb34d37733/resourceGroups/rg-sandbox-jorrit/providers/Microsoft.Databricks/workspaces/poc-dadp-dbr",
            "infrastructure_encryption_enabled": false,
            "load_balancer_backend_address_pool_id": "",
            "location": "westeurope",
            "managed_disk_cmk_key_vault_key_id": null,
            "managed_disk_cmk_rotation_to_latest_version_enabled": null,
            "managed_disk_identity": [],
            "managed_resource_group_id": "/subscriptions/d5409f5d-f4fe-4cf4-aca2-81cb34d37733/resourceGroups/databricks-rg-rg-sandbox-jorrit",
            "managed_resource_group_name": "databricks-rg-rg-sandbox-jorrit",
            "managed_services_cmk_key_vault_key_id": null,
            "name": "poc-dadp-dbr",
            "network_security_group_rules_required": null,
            "public_network_access_enabled": true,
            "resource_group_name": "rg-sandbox-jorrit",
            "sku": "standard",
            "storage_account_identity": [],
            "tags": null,
            "timeouts": null,
            "workspace_id": "852433852441210",
            "workspace_url": "adb-852433852441210.10.azuredatabricks.net"
          },
          "sensitive_attributes": [],
          "private": "eyJlMmJmYjczMC1lY2FhLTExZTYtOGY4OC0zNDM2M2JjN2M0YzAiOnsiY3JlYXRlIjoxODAwMDAwMDAwMDAwLCJkZWxldGUiOjE4MDAwMDAwMDAwMDAsInJlYWQiOjMwMDAwMDAwMDAwMCwidXBkYXRlIjoxODAwMDAwMDAwMDAwfX0="
        }
      ]
    },
    {
      "module": "module.keyvault",
      "mode": "data",
      "type": "azurerm_client_config",
      "name": "current",
      "provider": "provider[\"registry.terraform.io/hashicorp/azurerm\"]",
      "instances": [
        {
          "schema_version": 0,
          "attributes": {
            "client_id": "04b07795-8ddb-461a-bbee-02f9e1bf7b46",
            "id": "Y2xpZW50Q29uZmlncy9jbGllbnRJZD0wNGIwNzc5NS04ZGRiLTQ2MWEtYmJlZS0wMmY5ZTFiZjdiNDY7b2JqZWN0SWQ9NjVmZDUxYzYtY2Q5YS00OTAwLTkyMDAtNDc5N2QzNGYzMDg0O3N1YnNjcmlwdGlvbklkPWQ1NDA5ZjVkLWY0ZmUtNGNmNC1hY2EyLTgxY2IzNGQzNzczMzt0ZW5hbnRJZD1hYWE4YzUxOS1kYjcyLTQ1OWQtODRmMC0zMmVkYzJlYzIzZmI=",
            "object_id": "65fd51c6-cd9a-4900-9200-4797d34f3084",
            "subscription_id": "d5409f5d-f4fe-4cf4-aca2-81cb34d37733",
            "tenant_id": "aaa8c519-db72-459d-84f0-32edc2ec23fb",
            "timeouts": null
          },
          "sensitive_attributes": []
        }
      ]
    },
    {
      "module": "module.keyvault",
      "mode": "data",
      "type": "azurerm_subscription",
      "name": "current",
      "provider": "provider[\"registry.terraform.io/hashicorp/azurerm\"]",
      "instances": [
        {
          "schema_version": 0,
          "attributes": {
            "display_name": "DHL Parcel Sandbox",
            "id": "/subscriptions/d5409f5d-f4fe-4cf4-aca2-81cb34d37733",
            "location_placement_id": "Public_2014-09-01",
            "quota_id": "CSP_2015-05-01",
            "spending_limit": "Off",
            "state": "Enabled",
            "subscription_id": "d5409f5d-f4fe-4cf4-aca2-81cb34d37733",
            "tags": {},
            "tenant_id": "aaa8c519-db72-459d-84f0-32edc2ec23fb",
            "timeouts": null
          },
          "sensitive_attributes": []
        }
      ]
    },
    {
      "module": "module.keyvault",
      "mode": "data",
      "type": "azurerm_subscription",
      "name": "primary",
      "provider": "provider[\"registry.terraform.io/hashicorp/azurerm\"]",
      "instances": [
        {
          "schema_version": 0,
          "attributes": {
            "display_name": "DHL Parcel Sandbox",
            "id": "/subscriptions/d5409f5d-f4fe-4cf4-aca2-81cb34d37733",
            "location_placement_id": "Public_2014-09-01",
            "quota_id": "CSP_2015-05-01",
            "spending_limit": "Off",
            "state": "Enabled",
            "subscription_id": "d5409f5d-f4fe-4cf4-aca2-81cb34d37733",
            "tags": {},
            "tenant_id": "aaa8c519-db72-459d-84f0-32edc2ec23fb",
            "timeouts": null
          },
          "sensitive_attributes": []
        }
      ]
    },
    {
      "module": "module.keyvault",
      "mode": "managed",
      "type": "azurerm_monitor_diagnostic_setting",
      "name": "example",
      "provider": "provider[\"registry.terraform.io/hashicorp/azurerm\"]",
      "instances": []
    },
    {
      "module": "module.log-analytics",
      "mode": "managed",
      "type": "azurerm_log_analytics_workspace",
      "name": "log",
      "provider": "provider[\"registry.terraform.io/hashicorp/azurerm\"]",
      "instances": [
        {
          "schema_version": 3,
          "attributes": {
            "allow_resource_only_permissions": true,
            "cmk_for_query_forced": false,
            "daily_quota_gb": -1,
            "id": "/subscriptions/d5409f5d-f4fe-4cf4-aca2-81cb34d37733/resourceGroups/rg-sandbox-jorrit/providers/Microsoft.OperationalInsights/workspaces/poc-dadp-log",
            "internet_ingestion_enabled": true,
            "internet_query_enabled": true,
            "local_authentication_disabled": false,
            "location": "westeurope",
            "name": "poc-dadp-log",
            "primary_shared_key": "9K9RyRilcwtLxNJ6GQFr83ek+rKpq1uTIcdSwDbIlARraztZfis65yCs6b2U/XPmvBuSo90p2XO3bvNisZJ+6g==",
            "reservation_capacity_in_gb_per_day": null,
            "resource_group_name": "rg-sandbox-jorrit",
            "retention_in_days": 30,
            "secondary_shared_key": "PajiBQG2QBhnEGpaHWtXXz9BuMVf7IZ/cIUfL4Z3B6EbLwghtxesS4TpqCb6y+xiaQPqi9zPq3vkvWxNGTwRaQ==",
            "sku": "PerGB2018",
            "tags": {},
            "timeouts": null,
            "workspace_id": "bf5f4006-69d6-44ec-a2de-bfa26f83bc7f"
          },
          "sensitive_attributes": [],
          "private": "eyJlMmJmYjczMC1lY2FhLTExZTYtOGY4OC0zNDM2M2JjN2M0YzAiOnsiY3JlYXRlIjoxODAwMDAwMDAwMDAwLCJkZWxldGUiOjE4MDAwMDAwMDAwMDAsInJlYWQiOjMwMDAwMDAwMDAwMCwidXBkYXRlIjoxODAwMDAwMDAwMDAwfSwic2NoZW1hX3ZlcnNpb24iOiIzIn0="
        }
      ]
    },
    {
      "module": "module.sql",
      "mode": "managed",
      "type": "azurerm_monitor_diagnostic_setting",
      "name": "sqldb_diagnostics",
      "provider": "provider[\"registry.terraform.io/hashicorp/azurerm\"]",
      "instances": []
    },
    {
      "module": "module.sql",
      "mode": "managed",
      "type": "azurerm_mssql_server",
      "name": "dbsrv",
      "provider": "provider[\"registry.terraform.io/hashicorp/azurerm\"]",
      "instances": [
        {
          "schema_version": 0,
          "attributes": {
            "administrator_login": "jorrit",
            "administrator_login_password": "KLIM@1980muur",
            "azuread_administrator": [],
            "connection_policy": "Default",
            "fully_qualified_domain_name": "poc-dadp-dbsrv.database.windows.net",
            "id": "/subscriptions/d5409f5d-f4fe-4cf4-aca2-81cb34d37733/resourceGroups/rg-sandbox-jorrit/providers/Microsoft.Sql/servers/poc-dadp-dbsrv",
            "identity": [],
            "location": "westeurope",
            "minimum_tls_version": "1.2",
            "name": "poc-dadp-dbsrv",
            "outbound_network_restriction_enabled": false,
            "primary_user_assigned_identity_id": "",
            "public_network_access_enabled": true,
            "resource_group_name": "rg-sandbox-jorrit",
            "restorable_dropped_database_ids": [],
            "tags": null,
            "timeouts": null,
            "version": "12.0"
          },
          "sensitive_attributes": [],
          "private": "eyJlMmJmYjczMC1lY2FhLTExZTYtOGY4OC0zNDM2M2JjN2M0YzAiOnsiY3JlYXRlIjozNjAwMDAwMDAwMDAwLCJkZWxldGUiOjM2MDAwMDAwMDAwMDAsInJlYWQiOjMwMDAwMDAwMDAwMCwidXBkYXRlIjozNjAwMDAwMDAwMDAwfX0="
        }
      ]
    },
    {
      "module": "module.sql",
      "mode": "managed",
      "type": "azurerm_storage_account",
      "name": "strgaudit",
      "provider": "provider[\"registry.terraform.io/hashicorp/azurerm\"]",
      "instances": [
        {
          "schema_version": 3,
          "attributes": {
            "access_tier": "Hot",
            "account_kind": "StorageV2",
            "account_replication_type": "LRS",
            "account_tier": "Standard",
            "allow_nested_items_to_be_public": true,
            "allowed_copy_scope": "",
            "azure_files_authentication": [],
            "blob_properties": [
              {
                "change_feed_enabled": false,
                "change_feed_retention_in_days": 0,
                "container_delete_retention_policy": [],
                "cors_rule": [],
                "default_service_version": "",
                "delete_retention_policy": [],
                "last_access_time_enabled": false,
                "restore_policy": [],
                "versioning_enabled": false
              }
            ],
            "cross_tenant_replication_enabled": true,
            "custom_domain": [],
            "customer_managed_key": [],
            "default_to_oauth_authentication": false,
            "edge_zone": "",
            "enable_https_traffic_only": true,
            "id": "/subscriptions/d5409f5d-f4fe-4cf4-aca2-81cb34d37733/resourceGroups/rg-sandbox-jorrit/providers/Microsoft.Storage/storageAccounts/strgcv5j77strg",
            "identity": [],
            "immutability_policy": [],
            "infrastructure_encryption_enabled": false,
            "is_hns_enabled": false,
            "large_file_share_enabled": null,
            "location": "westeurope",
            "min_tls_version": "TLS1_2",
            "name": "strgcv5j77strg",
            "network_rules": [
              {
                "bypass": [
                  "AzureServices"
                ],
                "default_action": "Allow",
                "ip_rules": [],
                "private_link_access": [],
                "virtual_network_subnet_ids": []
              }
            ],
            "nfsv3_enabled": false,
            "primary_access_key": "XAoDXRoEbuwfSqbmCQmpPi5Q+N3dFsGNLZSAta84rKDYLo9Rvpbu+/J9I41BAgM/VOuCm9l3J7ou+AStIrkymw==",
            "primary_blob_connection_string": "DefaultEndpointsProtocol=https;BlobEndpoint=https://strgcv5j77strg.blob.core.windows.net/;AccountName=strgcv5j77strg;AccountKey=XAoDXRoEbuwfSqbmCQmpPi5Q+N3dFsGNLZSAta84rKDYLo9Rvpbu+/J9I41BAgM/VOuCm9l3J7ou+AStIrkymw==",
            "primary_blob_endpoint": "https://strgcv5j77strg.blob.core.windows.net/",
            "primary_blob_host": "strgcv5j77strg.blob.core.windows.net",
            "primary_connection_string": "DefaultEndpointsProtocol=https;AccountName=strgcv5j77strg;AccountKey=XAoDXRoEbuwfSqbmCQmpPi5Q+N3dFsGNLZSAta84rKDYLo9Rvpbu+/J9I41BAgM/VOuCm9l3J7ou+AStIrkymw==;EndpointSuffix=core.windows.net",
            "primary_dfs_endpoint": "https://strgcv5j77strg.dfs.core.windows.net/",
            "primary_dfs_host": "strgcv5j77strg.dfs.core.windows.net",
            "primary_file_endpoint": "https://strgcv5j77strg.file.core.windows.net/",
            "primary_file_host": "strgcv5j77strg.file.core.windows.net",
            "primary_location": "westeurope",
            "primary_queue_endpoint": "https://strgcv5j77strg.queue.core.windows.net/",
            "primary_queue_host": "strgcv5j77strg.queue.core.windows.net",
            "primary_table_endpoint": "https://strgcv5j77strg.table.core.windows.net/",
            "primary_table_host": "strgcv5j77strg.table.core.windows.net",
            "primary_web_endpoint": "https://strgcv5j77strg.z6.web.core.windows.net/",
            "primary_web_host": "strgcv5j77strg.z6.web.core.windows.net",
            "public_network_access_enabled": true,
            "queue_encryption_key_type": "Service",
            "queue_properties": [
              {
                "cors_rule": [],
                "hour_metrics": [
                  {
                    "enabled": true,
                    "include_apis": true,
                    "retention_policy_days": 7,
                    "version": "1.0"
                  }
                ],
                "logging": [
                  {
                    "delete": false,
                    "read": false,
                    "retention_policy_days": 0,
                    "version": "1.0",
                    "write": false
                  }
                ],
                "minute_metrics": [
                  {
                    "enabled": false,
                    "include_apis": false,
                    "retention_policy_days": 0,
                    "version": "1.0"
                  }
                ]
              }
            ],
            "resource_group_name": "rg-sandbox-jorrit",
            "routing": [],
            "sas_policy": [],
            "secondary_access_key": "JZ8y0ADzapj0dZCjT4jBZ746duTIIGHEL3cJQIuybzbULIR7q6qyyFQTLtgP8M9+zxr/0/JuHcoi+AStKGJbEw==",
            "secondary_blob_connection_string": "",
            "secondary_blob_endpoint": null,
            "secondary_blob_host": null,
            "secondary_connection_string": "DefaultEndpointsProtocol=https;AccountName=strgcv5j77strg;AccountKey=JZ8y0ADzapj0dZCjT4jBZ746duTIIGHEL3cJQIuybzbULIR7q6qyyFQTLtgP8M9+zxr/0/JuHcoi+AStKGJbEw==;EndpointSuffix=core.windows.net",
            "secondary_dfs_endpoint": null,
            "secondary_dfs_host": null,
            "secondary_file_endpoint": null,
            "secondary_file_host": null,
            "secondary_location": "",
            "secondary_queue_endpoint": null,
            "secondary_queue_host": null,
            "secondary_table_endpoint": null,
            "secondary_table_host": null,
            "secondary_web_endpoint": null,
            "secondary_web_host": null,
            "sftp_enabled": false,
            "share_properties": [
              {
                "cors_rule": [],
                "retention_policy": [
                  {
                    "days": 7
                  }
                ],
                "smb": []
              }
            ],
            "shared_access_key_enabled": true,
            "static_website": [],
            "table_encryption_key_type": "Service",
            "tags": null,
            "timeouts": null
          },
          "sensitive_attributes": [],
          "private": "eyJlMmJmYjczMC1lY2FhLTExZTYtOGY4OC0zNDM2M2JjN2M0YzAiOnsiY3JlYXRlIjozNjAwMDAwMDAwMDAwLCJkZWxldGUiOjM2MDAwMDAwMDAwMDAsInJlYWQiOjMwMDAwMDAwMDAwMCwidXBkYXRlIjozNjAwMDAwMDAwMDAwfSwic2NoZW1hX3ZlcnNpb24iOiIzIn0=",
          "dependencies": [
            "module.sql.random_string.random"
          ]
        }
      ]
    },
    {
      "module": "module.sql",
      "mode": "managed",
      "type": "random_string",
      "name": "random",
      "provider": "provider[\"registry.terraform.io/hashicorp/random\"]",
      "instances": [
        {
          "schema_version": 2,
          "attributes": {
            "id": "cv5j77",
            "keepers": null,
            "length": 6,
            "lower": true,
            "min_lower": 0,
            "min_numeric": 0,
            "min_special": 0,
            "min_upper": 0,
            "number": true,
            "numeric": true,
            "override_special": null,
            "result": "cv5j77",
            "special": false,
            "upper": false
          },
          "sensitive_attributes": []
        }
      ]
    },
    {
      "module": "module.storageaccounts",
      "mode": "managed",
      "type": "azurerm_storage_account",
      "name": "dhl-strg",
      "provider": "provider[\"registry.terraform.io/hashicorp/azurerm\"]",
      "instances": [
        {
          "schema_version": 3,
          "attributes": {
            "access_tier": "Hot",
            "account_kind": "StorageV2",
            "account_replication_type": "LRS",
            "account_tier": "Standard",
            "allow_nested_items_to_be_public": true,
            "allowed_copy_scope": "",
            "azure_files_authentication": [],
            "blob_properties": [
              {
                "change_feed_enabled": false,
                "change_feed_retention_in_days": 0,
                "container_delete_retention_policy": [],
                "cors_rule": [],
                "default_service_version": "",
                "delete_retention_policy": [],
                "last_access_time_enabled": false,
                "restore_policy": [],
                "versioning_enabled": false
              }
            ],
            "cross_tenant_replication_enabled": true,
            "custom_domain": [],
            "customer_managed_key": [],
            "default_to_oauth_authentication": false,
            "edge_zone": "",
            "enable_https_traffic_only": true,
            "id": "/subscriptions/d5409f5d-f4fe-4cf4-aca2-81cb34d37733/resourceGroups/rg-sandbox-jorrit/providers/Microsoft.Storage/storageAccounts/strgdadpwgr4custrg",
            "identity": [],
            "immutability_policy": [],
            "infrastructure_encryption_enabled": false,
            "is_hns_enabled": true,
            "large_file_share_enabled": null,
            "location": "westeurope",
            "min_tls_version": "TLS1_2",
            "name": "strgdadpwgr4custrg",
            "network_rules": [
              {
                "bypass": [
                  "AzureServices"
                ],
                "default_action": "Allow",
                "ip_rules": [],
                "private_link_access": [],
                "virtual_network_subnet_ids": []
              }
            ],
            "nfsv3_enabled": false,
            "primary_access_key": "IbY1SuhoPa72r+dQlebxcx08owWubCOFEK8sjQD9Oi4vLXLDkra5T+NnYHHEulcW2YuxJhFPAPR5+AStzLs1rA==",
            "primary_blob_connection_string": "DefaultEndpointsProtocol=https;BlobEndpoint=https://strgdadpwgr4custrg.blob.core.windows.net/;AccountName=strgdadpwgr4custrg;AccountKey=IbY1SuhoPa72r+dQlebxcx08owWubCOFEK8sjQD9Oi4vLXLDkra5T+NnYHHEulcW2YuxJhFPAPR5+AStzLs1rA==",
            "primary_blob_endpoint": "https://strgdadpwgr4custrg.blob.core.windows.net/",
            "primary_blob_host": "strgdadpwgr4custrg.blob.core.windows.net",
            "primary_connection_string": "DefaultEndpointsProtocol=https;AccountName=strgdadpwgr4custrg;AccountKey=IbY1SuhoPa72r+dQlebxcx08owWubCOFEK8sjQD9Oi4vLXLDkra5T+NnYHHEulcW2YuxJhFPAPR5+AStzLs1rA==;EndpointSuffix=core.windows.net",
            "primary_dfs_endpoint": "https://strgdadpwgr4custrg.dfs.core.windows.net/",
            "primary_dfs_host": "strgdadpwgr4custrg.dfs.core.windows.net",
            "primary_file_endpoint": "https://strgdadpwgr4custrg.file.core.windows.net/",
            "primary_file_host": "strgdadpwgr4custrg.file.core.windows.net",
            "primary_location": "westeurope",
            "primary_queue_endpoint": "https://strgdadpwgr4custrg.queue.core.windows.net/",
            "primary_queue_host": "strgdadpwgr4custrg.queue.core.windows.net",
            "primary_table_endpoint": "https://strgdadpwgr4custrg.table.core.windows.net/",
            "primary_table_host": "strgdadpwgr4custrg.table.core.windows.net",
            "primary_web_endpoint": "https://strgdadpwgr4custrg.z6.web.core.windows.net/",
            "primary_web_host": "strgdadpwgr4custrg.z6.web.core.windows.net",
            "public_network_access_enabled": true,
            "queue_encryption_key_type": "Service",
            "queue_properties": [
              {
                "cors_rule": [],
                "hour_metrics": [
                  {
                    "enabled": true,
                    "include_apis": true,
                    "retention_policy_days": 7,
                    "version": "1.0"
                  }
                ],
                "logging": [
                  {
                    "delete": false,
                    "read": false,
                    "retention_policy_days": 0,
                    "version": "1.0",
                    "write": false
                  }
                ],
                "minute_metrics": [
                  {
                    "enabled": false,
                    "include_apis": false,
                    "retention_policy_days": 0,
                    "version": "1.0"
                  }
                ]
              }
            ],
            "resource_group_name": "rg-sandbox-jorrit",
            "routing": [],
            "sas_policy": [],
            "secondary_access_key": "iCPyCkRi8C7bcP3+KH/wE7M2owuraDJGUPQ9/l+FeQGey5MrSeA0FOzsWWLE6TCxyM5RNQAPixlt+AStc/QL+Q==",
            "secondary_blob_connection_string": "",
            "secondary_blob_endpoint": null,
            "secondary_blob_host": null,
            "secondary_connection_string": "DefaultEndpointsProtocol=https;AccountName=strgdadpwgr4custrg;AccountKey=iCPyCkRi8C7bcP3+KH/wE7M2owuraDJGUPQ9/l+FeQGey5MrSeA0FOzsWWLE6TCxyM5RNQAPixlt+AStc/QL+Q==;EndpointSuffix=core.windows.net",
            "secondary_dfs_endpoint": null,
            "secondary_dfs_host": null,
            "secondary_file_endpoint": null,
            "secondary_file_host": null,
            "secondary_location": "",
            "secondary_queue_endpoint": null,
            "secondary_queue_host": null,
            "secondary_table_endpoint": null,
            "secondary_table_host": null,
            "secondary_web_endpoint": null,
            "secondary_web_host": null,
            "sftp_enabled": false,
            "share_properties": [
              {
                "cors_rule": [],
                "retention_policy": [
                  {
                    "days": 7
                  }
                ],
                "smb": []
              }
            ],
            "shared_access_key_enabled": true,
            "static_website": [],
            "table_encryption_key_type": "Service",
            "tags": {},
            "timeouts": null
          },
          "sensitive_attributes": [],
          "private": "eyJlMmJmYjczMC1lY2FhLTExZTYtOGY4OC0zNDM2M2JjN2M0YzAiOnsiY3JlYXRlIjozNjAwMDAwMDAwMDAwLCJkZWxldGUiOjM2MDAwMDAwMDAwMDAsInJlYWQiOjMwMDAwMDAwMDAwMCwidXBkYXRlIjozNjAwMDAwMDAwMDAwfSwic2NoZW1hX3ZlcnNpb24iOiIzIn0=",
          "dependencies": [
            "module.storageaccounts.random_string.random"
          ]
        }
      ]
    },
    {
      "module": "module.storageaccounts",
      "mode": "managed",
      "type": "azurerm_storage_data_lake_gen2_filesystem",
      "name": "dhl-filesystem",
      "provider": "provider[\"registry.terraform.io/hashicorp/azurerm\"]",
      "instances": [
        {
          "schema_version": 0,
          "attributes": {
            "ace": [
              {
                "id": "",
                "permissions": "---",
                "scope": "access",
                "type": "other"
              },
              {
                "id": "",
                "permissions": "r-x",
                "scope": "access",
                "type": "group"
              },
              {
                "id": "",
                "permissions": "rwx",
                "scope": "access",
                "type": "user"
              }
            ],
            "group": "65fd51c6-cd9a-4900-9200-4797d34f3084",
            "id": "https://strgdadpwgr4custrg.dfs.core.windows.net/data",
            "name": "data",
            "owner": "65fd51c6-cd9a-4900-9200-4797d34f3084",
            "properties": {
              "hello": "aGVsbG8="
            },
            "storage_account_id": "/subscriptions/d5409f5d-f4fe-4cf4-aca2-81cb34d37733/resourceGroups/rg-sandbox-jorrit/providers/Microsoft.Storage/storageAccounts/strgdadpwgr4custrg",
            "timeouts": null
          },
          "sensitive_attributes": [],
          "private": "eyJlMmJmYjczMC1lY2FhLTExZTYtOGY4OC0zNDM2M2JjN2M0YzAiOnsiY3JlYXRlIjoxODAwMDAwMDAwMDAwLCJkZWxldGUiOjE4MDAwMDAwMDAwMDAsInJlYWQiOjMwMDAwMDAwMDAwMCwidXBkYXRlIjoxODAwMDAwMDAwMDAwfX0=",
          "dependencies": [
            "module.storageaccounts.azurerm_storage_account.dhl-strg",
            "module.storageaccounts.random_string.random"
          ]
        }
      ]
    },
    {
      "module": "module.storageaccounts",
      "mode": "managed",
      "type": "random_string",
      "name": "random",
      "provider": "provider[\"registry.terraform.io/hashicorp/random\"]",
      "instances": [
        {
          "schema_version": 2,
          "attributes": {
            "id": "wgr4cu",
            "keepers": null,
            "length": 6,
            "lower": true,
            "min_lower": 0,
            "min_numeric": 0,
            "min_special": 0,
            "min_upper": 0,
            "number": true,
            "numeric": true,
            "override_special": null,
            "result": "wgr4cu",
            "special": false,
            "upper": false
          },
          "sensitive_attributes": []
        }
      ]
    }
  ],
  "check_results": null
}
