{
  "version": 4,
  "terraform_version": "1.4.6",
  "serial": 6,
  "lineage": "37eb65a6-26df-33b4-af10-ce7b5e669241",
  "outputs": {
    "current_subscription_display_name": {
      "value": "DHL Parcel Sandbox",
      "type": "string"
    },
    "current_subscription_id": {
      "value": "d5409f5d-f4fe-4cf4-aca2-81cb34d37733",
      "type": "string"
    },
    "current_subscription_spending_limit": {
      "value": "Off",
      "type": "string"
    },
    "log_analytics_workspace_id": {
      "value": "/subscriptions/d5409f5d-f4fe-4cf4-aca2-81cb34d37733/resourceGroups/rg-sandbox-jorrit/providers/Microsoft.OperationalInsights/workspaces/poc-dadp-log",
      "type": "string"
    },
    "root_storage_account_id": {
      "value": "/subscriptions/d5409f5d-f4fe-4cf4-aca2-81cb34d37733/resourceGroups/rg-sandbox-jorrit/providers/Microsoft.Storage/storageAccounts/strgdadpwgr4custrg",
      "type": "string"
    },
    "root_storage_account_name": {
      "value": "strgdadpwgr4custrg",
      "type": "string"
    },
    "storag_account_terraform_statefile": {
      "value": {
        "id": "resource-22f54dad-be55-4a23-b9d3-89e436c2f073",
        "name": null,
        "required_tags": {
          "role": "state_storage"
        },
        "resource_group_name": null,
        "resources": [],
        "timeouts": null,
        "type": "Microsoft.Storage/storageAccounts"
      },
      "type": [
        "object",
        {
          "id": "string",
          "name": "string",
          "required_tags": [
            "map",
            "string"
          ],
          "resource_group_name": "string",
          "resources": [
            "list",
            [
              "object",
              {
                "id": "string",
                "location": "string",
                "name": "string",
                "tags": [
                  "map",
                  "string"
                ],
                "type": "string"
              }
            ]
          ],
          "timeouts": [
            "object",
            {
              "read": "string"
            }
          ],
          "type": "string"
        }
      ]
    }
  },
  "resources": [
    {
      "mode": "data",
      "type": "azurerm_client_config",
      "name": "current",
      "provider": "provider[\"registry.terraform.io/hashicorp/azurerm\"]",
      "instances": [
        {
          "schema_version": 0,
          "attributes": {
            "client_id": "04b07795-8ddb-461a-bbee-02f9e1bf7b46",
            "id": "Y2xpZW50Q29uZmlncy9jbGllbnRJZD0wNGIwNzc5NS04ZGRiLTQ2MWEtYmJlZS0wMmY5ZTFiZjdiNDY7b2JqZWN0SWQ9NjVmZDUxYzYtY2Q5YS00OTAwLTkyMDAtNDc5N2QzNGYzMDg0O3N1YnNjcmlwdGlvbklkPWQ1NDA5ZjVkLWY0ZmUtNGNmNC1hY2EyLTgxY2IzNGQzNzczMzt0ZW5hbnRJZD1hYWE4YzUxOS1kYjcyLTQ1OWQtODRmMC0zMmVkYzJlYzIzZmI=",
            "object_id": "65fd51c6-cd9a-4900-9200-4797d34f3084",
            "subscription_id": "d5409f5d-f4fe-4cf4-aca2-81cb34d37733",
            "tenant_id": "aaa8c519-db72-459d-84f0-32edc2ec23fb",
            "timeouts": null
          },
          "sensitive_attributes": []
        }
      ]
    },
    {
      "mode": "data",
      "type": "azurerm_resources",
      "name": "terraform-state-storage",
      "provider": "provider[\"registry.terraform.io/hashicorp/azurerm\"]",
      "instances": [
        {
          "schema_version": 0,
          "attributes": {
            "id": "resource-22f54dad-be55-4a23-b9d3-89e436c2f073",
            "name": null,
            "required_tags": {
              "role": "state_storage"
            },
            "resource_group_name": null,
            "resources": [],
            "timeouts": null,
            "type": "Microsoft.Storage/storageAccounts"
          },
          "sensitive_attributes": []
        }
      ]
    },
    {
      "mode": "data",
      "type": "azurerm_subscription",
      "name": "current",
      "provider": "provider[\"registry.terraform.io/hashicorp/azurerm\"]",
      "instances": [
        {
          "schema_version": 0,
          "attributes": {
            "display_name": "DHL Parcel Sandbox",
            "id": "/subscriptions/d5409f5d-f4fe-4cf4-aca2-81cb34d37733",
            "location_placement_id": "Public_2014-09-01",
            "quota_id": "CSP_2015-05-01",
            "spending_limit": "Off",
            "state": "Enabled",
            "subscription_id": "d5409f5d-f4fe-4cf4-aca2-81cb34d37733",
            "tags": {},
            "tenant_id": "aaa8c519-db72-459d-84f0-32edc2ec23fb",
            "timeouts": null
          },
          "sensitive_attributes": []
        }
      ]
    },
    {
      "mode": "data",
      "type": "azurerm_subscription",
      "name": "primary",
      "provider": "provider[\"registry.terraform.io/hashicorp/azurerm\"]",
      "instances": [
        {
          "schema_version": 0,
          "attributes": {
            "display_name": "DHL Parcel Sandbox",
            "id": "/subscriptions/d5409f5d-f4fe-4cf4-aca2-81cb34d37733",
            "location_placement_id": "Public_2014-09-01",
            "quota_id": "CSP_2015-05-01",
            "spending_limit": "Off",
            "state": "Enabled",
            "subscription_id": "d5409f5d-f4fe-4cf4-aca2-81cb34d37733",
            "tags": {},
            "tenant_id": "aaa8c519-db72-459d-84f0-32edc2ec23fb",
            "timeouts": null
          },
          "sensitive_attributes": []
        }
      ]
    },
    {
      "module": "module.log-analytics",
      "mode": "managed",
      "type": "azurerm_log_analytics_workspace",
      "name": "log",
      "provider": "provider[\"registry.terraform.io/hashicorp/azurerm\"]",
      "instances": [
        {
          "schema_version": 3,
          "attributes": {
            "allow_resource_only_permissions": true,
            "cmk_for_query_forced": false,
            "daily_quota_gb": -1,
            "id": "/subscriptions/d5409f5d-f4fe-4cf4-aca2-81cb34d37733/resourceGroups/rg-sandbox-jorrit/providers/Microsoft.OperationalInsights/workspaces/poc-dadp-log",
            "internet_ingestion_enabled": true,
            "internet_query_enabled": true,
            "local_authentication_disabled": false,
            "location": "westeurope",
            "name": "poc-dadp-log",
            "primary_shared_key": "9K9RyRilcwtLxNJ6GQFr83ek+rKpq1uTIcdSwDbIlARraztZfis65yCs6b2U/XPmvBuSo90p2XO3bvNisZJ+6g==",
            "reservation_capacity_in_gb_per_day": null,
            "resource_group_name": "rg-sandbox-jorrit",
            "retention_in_days": 30,
            "secondary_shared_key": "PajiBQG2QBhnEGpaHWtXXz9BuMVf7IZ/cIUfL4Z3B6EbLwghtxesS4TpqCb6y+xiaQPqi9zPq3vkvWxNGTwRaQ==",
            "sku": "PerGB2018",
            "tags": null,
            "timeouts": null,
            "workspace_id": "bf5f4006-69d6-44ec-a2de-bfa26f83bc7f"
          },
          "sensitive_attributes": [],
          "private": "eyJlMmJmYjczMC1lY2FhLTExZTYtOGY4OC0zNDM2M2JjN2M0YzAiOnsiY3JlYXRlIjoxODAwMDAwMDAwMDAwLCJkZWxldGUiOjE4MDAwMDAwMDAwMDAsInJlYWQiOjMwMDAwMDAwMDAwMCwidXBkYXRlIjoxODAwMDAwMDAwMDAwfSwic2NoZW1hX3ZlcnNpb24iOiIzIn0="
        }
      ]
    },
    {
      "module": "module.storageaccounts",
      "mode": "managed",
      "type": "azurerm_storage_account",
      "name": "dhl-strg",
      "provider": "provider[\"registry.terraform.io/hashicorp/azurerm\"]",
      "instances": [
        {
          "schema_version": 3,
          "attributes": {
            "access_tier": "Hot",
            "account_kind": "StorageV2",
            "account_replication_type": "LRS",
            "account_tier": "Standard",
            "allow_nested_items_to_be_public": true,
            "allowed_copy_scope": "",
            "azure_files_authentication": [],
            "blob_properties": [
              {
                "change_feed_enabled": false,
                "change_feed_retention_in_days": 0,
                "container_delete_retention_policy": [],
                "cors_rule": [],
                "default_service_version": "",
                "delete_retention_policy": [],
                "last_access_time_enabled": false,
                "restore_policy": [],
                "versioning_enabled": false
              }
            ],
            "cross_tenant_replication_enabled": true,
            "custom_domain": [],
            "customer_managed_key": [],
            "default_to_oauth_authentication": false,
            "edge_zone": "",
            "enable_https_traffic_only": true,
            "id": "/subscriptions/d5409f5d-f4fe-4cf4-aca2-81cb34d37733/resourceGroups/rg-sandbox-jorrit/providers/Microsoft.Storage/storageAccounts/strgdadpwgr4custrg",
            "identity": [],
            "immutability_policy": [],
            "infrastructure_encryption_enabled": false,
            "is_hns_enabled": true,
            "large_file_share_enabled": null,
            "location": "westeurope",
            "min_tls_version": "TLS1_2",
            "name": "strgdadpwgr4custrg",
            "network_rules": [
              {
                "bypass": [
                  "AzureServices"
                ],
                "default_action": "Allow",
                "ip_rules": [],
                "private_link_access": [],
                "virtual_network_subnet_ids": []
              }
            ],
            "nfsv3_enabled": false,
            "primary_access_key": "IbY1SuhoPa72r+dQlebxcx08owWubCOFEK8sjQD9Oi4vLXLDkra5T+NnYHHEulcW2YuxJhFPAPR5+AStzLs1rA==",
            "primary_blob_connection_string": "DefaultEndpointsProtocol=https;BlobEndpoint=https://strgdadpwgr4custrg.blob.core.windows.net/;AccountName=strgdadpwgr4custrg;AccountKey=IbY1SuhoPa72r+dQlebxcx08owWubCOFEK8sjQD9Oi4vLXLDkra5T+NnYHHEulcW2YuxJhFPAPR5+AStzLs1rA==",
            "primary_blob_endpoint": "https://strgdadpwgr4custrg.blob.core.windows.net/",
            "primary_blob_host": "strgdadpwgr4custrg.blob.core.windows.net",
            "primary_connection_string": "DefaultEndpointsProtocol=https;AccountName=strgdadpwgr4custrg;AccountKey=IbY1SuhoPa72r+dQlebxcx08owWubCOFEK8sjQD9Oi4vLXLDkra5T+NnYHHEulcW2YuxJhFPAPR5+AStzLs1rA==;EndpointSuffix=core.windows.net",
            "primary_dfs_endpoint": "https://strgdadpwgr4custrg.dfs.core.windows.net/",
            "primary_dfs_host": "strgdadpwgr4custrg.dfs.core.windows.net",
            "primary_file_endpoint": "https://strgdadpwgr4custrg.file.core.windows.net/",
            "primary_file_host": "strgdadpwgr4custrg.file.core.windows.net",
            "primary_location": "westeurope",
            "primary_queue_endpoint": "https://strgdadpwgr4custrg.queue.core.windows.net/",
            "primary_queue_host": "strgdadpwgr4custrg.queue.core.windows.net",
            "primary_table_endpoint": "https://strgdadpwgr4custrg.table.core.windows.net/",
            "primary_table_host": "strgdadpwgr4custrg.table.core.windows.net",
            "primary_web_endpoint": "https://strgdadpwgr4custrg.z6.web.core.windows.net/",
            "primary_web_host": "strgdadpwgr4custrg.z6.web.core.windows.net",
            "public_network_access_enabled": true,
            "queue_encryption_key_type": "Service",
            "queue_properties": [
              {
                "cors_rule": [],
                "hour_metrics": [
                  {
                    "enabled": true,
                    "include_apis": true,
                    "retention_policy_days": 7,
                    "version": "1.0"
                  }
                ],
                "logging": [
                  {
                    "delete": false,
                    "read": false,
                    "retention_policy_days": 0,
                    "version": "1.0",
                    "write": false
                  }
                ],
                "minute_metrics": [
                  {
                    "enabled": false,
                    "include_apis": false,
                    "retention_policy_days": 0,
                    "version": "1.0"
                  }
                ]
              }
            ],
            "resource_group_name": "rg-sandbox-jorrit",
            "routing": [],
            "sas_policy": [],
            "secondary_access_key": "iCPyCkRi8C7bcP3+KH/wE7M2owuraDJGUPQ9/l+FeQGey5MrSeA0FOzsWWLE6TCxyM5RNQAPixlt+AStc/QL+Q==",
            "secondary_blob_connection_string": "",
            "secondary_blob_endpoint": null,
            "secondary_blob_host": null,
            "secondary_connection_string": "DefaultEndpointsProtocol=https;AccountName=strgdadpwgr4custrg;AccountKey=iCPyCkRi8C7bcP3+KH/wE7M2owuraDJGUPQ9/l+FeQGey5MrSeA0FOzsWWLE6TCxyM5RNQAPixlt+AStc/QL+Q==;EndpointSuffix=core.windows.net",
            "secondary_dfs_endpoint": null,
            "secondary_dfs_host": null,
            "secondary_file_endpoint": null,
            "secondary_file_host": null,
            "secondary_location": "",
            "secondary_queue_endpoint": null,
            "secondary_queue_host": null,
            "secondary_table_endpoint": null,
            "secondary_table_host": null,
            "secondary_web_endpoint": null,
            "secondary_web_host": null,
            "sftp_enabled": false,
            "share_properties": [
              {
                "cors_rule": [],
                "retention_policy": [
                  {
                    "days": 7
                  }
                ],
                "smb": []
              }
            ],
            "shared_access_key_enabled": true,
            "static_website": [],
            "table_encryption_key_type": "Service",
            "tags": null,
            "timeouts": null
          },
          "sensitive_attributes": [],
          "private": "eyJlMmJmYjczMC1lY2FhLTExZTYtOGY4OC0zNDM2M2JjN2M0YzAiOnsiY3JlYXRlIjozNjAwMDAwMDAwMDAwLCJkZWxldGUiOjM2MDAwMDAwMDAwMDAsInJlYWQiOjMwMDAwMDAwMDAwMCwidXBkYXRlIjozNjAwMDAwMDAwMDAwfSwic2NoZW1hX3ZlcnNpb24iOiIzIn0=",
          "dependencies": [
            "module.storageaccounts.random_string.random"
          ]
        }
      ]
    },
    {
      "module": "module.storageaccounts",
      "mode": "managed",
      "type": "azurerm_storage_data_lake_gen2_filesystem",
      "name": "dhl-filesystem",
      "provider": "provider[\"registry.terraform.io/hashicorp/azurerm\"]",
      "instances": [
        {
          "schema_version": 0,
          "attributes": {
            "ace": [
              {
                "id": "",
                "permissions": "---",
                "scope": "access",
                "type": "other"
              },
              {
                "id": "",
                "permissions": "r-x",
                "scope": "access",
                "type": "group"
              },
              {
                "id": "",
                "permissions": "rwx",
                "scope": "access",
                "type": "user"
              }
            ],
            "group": "65fd51c6-cd9a-4900-9200-4797d34f3084",
            "id": "https://strgdadpwgr4custrg.dfs.core.windows.net/data",
            "name": "data",
            "owner": "65fd51c6-cd9a-4900-9200-4797d34f3084",
            "properties": {
              "hello": "aGVsbG8="
            },
            "storage_account_id": "/subscriptions/d5409f5d-f4fe-4cf4-aca2-81cb34d37733/resourceGroups/rg-sandbox-jorrit/providers/Microsoft.Storage/storageAccounts/strgdadpwgr4custrg",
            "timeouts": null
          },
          "sensitive_attributes": [],
          "private": "eyJlMmJmYjczMC1lY2FhLTExZTYtOGY4OC0zNDM2M2JjN2M0YzAiOnsiY3JlYXRlIjoxODAwMDAwMDAwMDAwLCJkZWxldGUiOjE4MDAwMDAwMDAwMDAsInJlYWQiOjMwMDAwMDAwMDAwMCwidXBkYXRlIjoxODAwMDAwMDAwMDAwfX0=",
          "dependencies": [
            "module.storageaccounts.azurerm_storage_account.dhl-strg",
            "module.storageaccounts.random_string.random"
          ]
        }
      ]
    },
    {
      "module": "module.storageaccounts",
      "mode": "managed",
      "type": "random_string",
      "name": "random",
      "provider": "provider[\"registry.terraform.io/hashicorp/random\"]",
      "instances": [
        {
          "schema_version": 2,
          "attributes": {
            "id": "wgr4cu",
            "keepers": null,
            "length": 6,
            "lower": true,
            "min_lower": 0,
            "min_numeric": 0,
            "min_special": 0,
            "min_upper": 0,
            "number": true,
            "numeric": true,
            "override_special": null,
            "result": "wgr4cu",
            "special": false,
            "upper": false
          },
          "sensitive_attributes": []
        }
      ]
    }
  ],
  "check_results": null
}
